// !$*UTF8*$!
{
	archiveVersion = 1;
	classes = {
	};
	objectVersion = 45;
	objects = {

/* Begin PBXBuildFile section */
		1E10D8080E6C459900C69D38 /* TCProcessingQueueController.m in Sources */ = {isa = PBXBuildFile; fileRef = 1E10D8070E6C459900C69D38 /* TCProcessingQueueController.m */; };
		1E50D7820E4FFA7500BDA918 /* TCVideo.m in Sources */ = {isa = PBXBuildFile; fileRef = 1E50D7810E4FFA7500BDA918 /* TCVideo.m */; };
		1E50D7CD0E50094C00BDA918 /* TVSeasonController.m in Sources */ = {isa = PBXBuildFile; fileRef = 1E50D7CC0E50094C00BDA918 /* TVSeasonController.m */; };
		1E50D7D30E500F3700BDA918 /* TCWizardController.m in Sources */ = {isa = PBXBuildFile; fileRef = 1E50D7D20E500F3700BDA918 /* TCWizardController.m */; };
		1E50D7D60E5010ED00BDA918 /* Wizard.nib in Resources */ = {isa = PBXBuildFile; fileRef = 1E50D7D40E5010ED00BDA918 /* Wizard.nib */; };
		1E5979320E6CD60E004AC648 /* TNSWDownload.m in Sources */ = {isa = PBXBuildFile; fileRef = 1E5979310E6CD60E004AC648 /* TNSWDownload.m */; };
		1E83CC760E6B74CB00987FC1 /* WebKit.framework in Frameworks */ = {isa = PBXBuildFile; fileRef = 1E83CC750E6B74CB00987FC1 /* WebKit.framework */; };
		1E83CCD80E6B890D00987FC1 /* libpng.dylib in Frameworks */ = {isa = PBXBuildFile; fileRef = 1E735ADF0E5159D9004FAD1A /* libpng.dylib */; };
		1E83CCD90E6B890D00987FC1 /* libz.1.2.3.dylib in Frameworks */ = {isa = PBXBuildFile; fileRef = 1EE3EE750E53CF590099684C /* libz.1.2.3.dylib */; };
		1E83CCDA0E6B890D00987FC1 /* libbz2.1.0.4.dylib in Frameworks */ = {isa = PBXBuildFile; fileRef = 1EE3EE890E53D0470099684C /* libbz2.1.0.4.dylib */; };
		1E95DA7F0E5779B700B6A7E9 /* TCMovie.m in Sources */ = {isa = PBXBuildFile; fileRef = 1E95DA740E5779B700B6A7E9 /* TCMovie.m */; };
		1E95DA800E5779B700B6A7E9 /* TCMovieVideo.m in Sources */ = {isa = PBXBuildFile; fileRef = 1E95DA760E5779B700B6A7E9 /* TCMovieVideo.m */; };
		1E95DA810E5779B700B6A7E9 /* TCTVShow.m in Sources */ = {isa = PBXBuildFile; fileRef = 1E95DA780E5779B700B6A7E9 /* TCTVShow.m */; };
		1E95DA820E5779B700B6A7E9 /* TCTVEpisode.m in Sources */ = {isa = PBXBuildFile; fileRef = 1E95DA7A0E5779B700B6A7E9 /* TCTVEpisode.m */; };
		1E95DA830E5779B700B6A7E9 /* TCVideoFile.m in Sources */ = {isa = PBXBuildFile; fileRef = 1E95DA7C0E5779B700B6A7E9 /* TCVideoFile.m */; };
		1E95DBF90E57BD9600B6A7E9 /* TCTVShowController.m in Sources */ = {isa = PBXBuildFile; fileRef = 1E95DBF80E57BD9600B6A7E9 /* TCTVShowController.m */; };
		2F7446990DB6B7EA00F9684A /* MainMenu.xib in Resources */ = {isa = PBXBuildFile; fileRef = 2F7446970DB6B7EA00F9684A /* MainMenu.xib */; };
		770B37ED0679A11B001EADE2 /* Technicolor_DataModel.xcdatamodel in Sources */ = {isa = PBXBuildFile; fileRef = 770B37EC0679A11B001EADE2 /* Technicolor_DataModel.xcdatamodel */; };
		77C8280E06725ACE000B614F /* Technicolor_AppDelegate.m in Sources */ = {isa = PBXBuildFile; fileRef = 77C8280C06725ACE000B614F /* Technicolor_AppDelegate.m */; };
		8D11072B0486CEB800E47090 /* InfoPlist.strings in Resources */ = {isa = PBXBuildFile; fileRef = 089C165CFE840E0CC02AAC07 /* InfoPlist.strings */; };
		8D11072D0486CEB800E47090 /* main.m in Sources */ = {isa = PBXBuildFile; fileRef = 29B97316FDCFA39411CA2CEA /* main.m */; settings = {ATTRIBUTES = (); }; };
		8D11072F0486CEB800E47090 /* Cocoa.framework in Frameworks */ = {isa = PBXBuildFile; fileRef = 1058C7A1FEA54F0111CA2CBB /* Cocoa.framework */; };
/* End PBXBuildFile section */

/* Begin PBXFileReference section */
		089C165DFE840E0CC02AAC07 /* English */ = {isa = PBXFileReference; fileEncoding = 10; lastKnownFileType = text.plist.strings; name = English; path = English.lproj/InfoPlist.strings; sourceTree = "<group>"; };
		1058C7A1FEA54F0111CA2CBB /* Cocoa.framework */ = {isa = PBXFileReference; lastKnownFileType = wrapper.framework; name = Cocoa.framework; path = /System/Library/Frameworks/Cocoa.framework; sourceTree = "<absolute>"; };
		1E10D8060E6C459900C69D38 /* TCProcessingQueueController.h */ = {isa = PBXFileReference; fileEncoding = 4; lastKnownFileType = sourcecode.c.h; path = TCProcessingQueueController.h; sourceTree = "<group>"; };
		1E10D8070E6C459900C69D38 /* TCProcessingQueueController.m */ = {isa = PBXFileReference; fileEncoding = 4; lastKnownFileType = sourcecode.c.objc; path = TCProcessingQueueController.m; sourceTree = "<group>"; };
		1E3BA3340E8F063F00585E21 /* TCCalendar.h */ = {isa = PBXFileReference; fileEncoding = 4; lastKnownFileType = sourcecode.c.h; path = TCCalendar.h; sourceTree = "<group>"; };
		1E3BA3350E8F063F00585E21 /* TCCalendar.m */ = {isa = PBXFileReference; fileEncoding = 4; lastKnownFileType = sourcecode.c.objc; path = TCCalendar.m; sourceTree = "<group>"; };
		1E3BA3360E8F063F00585E21 /* TCCalendarEvent.h */ = {isa = PBXFileReference; fileEncoding = 4; lastKnownFileType = sourcecode.c.h; path = TCCalendarEvent.h; sourceTree = "<group>"; };
		1E3BA3370E8F063F00585E21 /* TCCalendarEvent.m */ = {isa = PBXFileReference; fileEncoding = 4; lastKnownFileType = sourcecode.c.objc; path = TCCalendarEvent.m; sourceTree = "<group>"; };
		1E3BA36A0E8F070200585E21 /* CalendarStore.framework */ = {isa = PBXFileReference; lastKnownFileType = wrapper.framework; name = CalendarStore.framework; path = System/Library/Frameworks/CalendarStore.framework; sourceTree = SDKROOT; };
		1E50D7800E4FFA7500BDA918 /* TCVideo.h */ = {isa = PBXFileReference; fileEncoding = 4; lastKnownFileType = sourcecode.c.h; path = TCVideo.h; sourceTree = "<group>"; };
		1E50D7810E4FFA7500BDA918 /* TCVideo.m */ = {isa = PBXFileReference; fileEncoding = 4; lastKnownFileType = sourcecode.c.objc; path = TCVideo.m; sourceTree = "<group>"; };
		1E50D7CB0E50094C00BDA918 /* TVSeasonController.h */ = {isa = PBXFileReference; fileEncoding = 4; lastKnownFileType = sourcecode.c.h; path = TVSeasonController.h; sourceTree = "<group>"; };
		1E50D7CC0E50094C00BDA918 /* TVSeasonController.m */ = {isa = PBXFileReference; fileEncoding = 4; lastKnownFileType = sourcecode.c.objc; path = TVSeasonController.m; sourceTree = "<group>"; };
		1E50D7D10E500F3700BDA918 /* TCWizardController.h */ = {isa = PBXFileReference; fileEncoding = 4; lastKnownFileType = sourcecode.c.h; path = TCWizardController.h; sourceTree = "<group>"; };
		1E50D7D20E500F3700BDA918 /* TCWizardController.m */ = {isa = PBXFileReference; fileEncoding = 4; lastKnownFileType = sourcecode.c.objc; path = TCWizardController.m; sourceTree = "<group>"; };
		1E50D7D50E5010ED00BDA918 /* English */ = {isa = PBXFileReference; lastKnownFileType = wrapper.nib; name = English; path = English.lproj/Wizard.nib; sourceTree = "<group>"; };
		1E5978C30E6CC5B8004AC648 /* TVRageOperation.h */ = {isa = PBXFileReference; fileEncoding = 4; lastKnownFileType = sourcecode.c.h; path = TVRageOperation.h; sourceTree = "<group>"; };
		1E5978C40E6CC5B8004AC648 /* TVRageOperation.m */ = {isa = PBXFileReference; fileEncoding = 4; lastKnownFileType = sourcecode.c.objc; path = TVRageOperation.m; sourceTree = "<group>"; };
		1E5978C80E6CCFD3004AC648 /* TCTVRageImports.h */ = {isa = PBXFileReference; fileEncoding = 4; lastKnownFileType = sourcecode.c.h; path = TCTVRageImports.h; sourceTree = "<group>"; };
		1E5979300E6CD60E004AC648 /* TNSWDownload.h */ = {isa = PBXFileReference; fileEncoding = 4; lastKnownFileType = sourcecode.c.h; path = TNSWDownload.h; sourceTree = "<group>"; };
		1E5979310E6CD60E004AC648 /* TNSWDownload.m */ = {isa = PBXFileReference; fileEncoding = 4; lastKnownFileType = sourcecode.c.objc; path = TNSWDownload.m; sourceTree = "<group>"; };
		1E735ADF0E5159D9004FAD1A /* libpng.dylib */ = {isa = PBXFileReference; lastKnownFileType = "compiled.mach-o.dylib"; name = libpng.dylib; path = usr/local/lib/libpng.dylib; sourceTree = SDKROOT; };
		1E83CC750E6B74CB00987FC1 /* WebKit.framework */ = {isa = PBXFileReference; lastKnownFileType = wrapper.framework; name = WebKit.framework; path = System/Library/Frameworks/WebKit.framework; sourceTree = SDKROOT; };
		1E83CC7B0E6B755200987FC1 /* TVRageController.h */ = {isa = PBXFileReference; fileEncoding = 4; lastKnownFileType = sourcecode.c.h; path = TVRageController.h; sourceTree = "<group>"; };
		1E83CC7C0E6B755200987FC1 /* TVRageController.m */ = {isa = PBXFileReference; fileEncoding = 4; lastKnownFileType = sourcecode.c.objc; path = TVRageController.m; sourceTree = "<group>"; };
		1E83CCA80E6B7D6E00987FC1 /* TCFFMPEGInfoOperation.h */ = {isa = PBXFileReference; fileEncoding = 4; lastKnownFileType = sourcecode.c.h; path = TCFFMPEGInfoOperation.h; sourceTree = "<group>"; };
		1E83CCA90E6B7D6E00987FC1 /* TCFFMPEGInfoOperation.m */ = {isa = PBXFileReference; fileEncoding = 4; lastKnownFileType = sourcecode.c.objc; path = TCFFMPEGInfoOperation.m; sourceTree = "<group>"; };
		1E95DA6F0E5779B700B6A7E9 /* TCDVDVideo.h */ = {isa = PBXFileReference; fileEncoding = 4; lastKnownFileType = sourcecode.c.h; path = TCDVDVideo.h; sourceTree = "<group>"; };
		1E95DA700E5779B700B6A7E9 /* TCDVDVideo.m */ = {isa = PBXFileReference; fileEncoding = 4; lastKnownFileType = sourcecode.c.objc; path = TCDVDVideo.m; sourceTree = "<group>"; };
		1E95DA710E5779B700B6A7E9 /* TCFFMPEGVideo.h */ = {isa = PBXFileReference; fileEncoding = 4; lastKnownFileType = sourcecode.c.h; path = TCFFMPEGVideo.h; sourceTree = "<group>"; };
		1E95DA720E5779B700B6A7E9 /* TCFFMPEGVideo.m */ = {isa = PBXFileReference; fileEncoding = 4; lastKnownFileType = sourcecode.c.objc; path = TCFFMPEGVideo.m; sourceTree = "<group>"; };
		1E95DA730E5779B700B6A7E9 /* TCMovie.h */ = {isa = PBXFileReference; fileEncoding = 4; lastKnownFileType = sourcecode.c.h; path = TCMovie.h; sourceTree = "<group>"; };
		1E95DA740E5779B700B6A7E9 /* TCMovie.m */ = {isa = PBXFileReference; fileEncoding = 4; lastKnownFileType = sourcecode.c.objc; path = TCMovie.m; sourceTree = "<group>"; };
		1E95DA750E5779B700B6A7E9 /* TCMovieVideo.h */ = {isa = PBXFileReference; fileEncoding = 4; lastKnownFileType = sourcecode.c.h; path = TCMovieVideo.h; sourceTree = "<group>"; };
		1E95DA760E5779B700B6A7E9 /* TCMovieVideo.m */ = {isa = PBXFileReference; fileEncoding = 4; lastKnownFileType = sourcecode.c.objc; path = TCMovieVideo.m; sourceTree = "<group>"; };
		1E95DA770E5779B700B6A7E9 /* TCTVShow.h */ = {isa = PBXFileReference; fileEncoding = 4; lastKnownFileType = sourcecode.c.h; path = TCTVShow.h; sourceTree = "<group>"; };
		1E95DA780E5779B700B6A7E9 /* TCTVShow.m */ = {isa = PBXFileReference; fileEncoding = 4; lastKnownFileType = sourcecode.c.objc; path = TCTVShow.m; sourceTree = "<group>"; };
		1E95DA790E5779B700B6A7E9 /* TCTVEpisode.h */ = {isa = PBXFileReference; fileEncoding = 4; lastKnownFileType = sourcecode.c.h; path = TCTVEpisode.h; sourceTree = "<group>"; };
		1E95DA7A0E5779B700B6A7E9 /* TCTVEpisode.m */ = {isa = PBXFileReference; fileEncoding = 4; lastKnownFileType = sourcecode.c.objc; path = TCTVEpisode.m; sourceTree = "<group>"; };
		1E95DA7B0E5779B700B6A7E9 /* TCVideoFile.h */ = {isa = PBXFileReference; fileEncoding = 4; lastKnownFileType = sourcecode.c.h; path = TCVideoFile.h; sourceTree = "<group>"; };
		1E95DA7C0E5779B700B6A7E9 /* TCVideoFile.m */ = {isa = PBXFileReference; fileEncoding = 4; lastKnownFileType = sourcecode.c.objc; path = TCVideoFile.m; sourceTree = "<group>"; };
		1E95DBF70E57BD9600B6A7E9 /* TCTVShowController.h */ = {isa = PBXFileReference; fileEncoding = 4; lastKnownFileType = sourcecode.c.h; path = TCTVShowController.h; sourceTree = "<group>"; };
		1E95DBF80E57BD9600B6A7E9 /* TCTVShowController.m */ = {isa = PBXFileReference; fileEncoding = 4; lastKnownFileType = sourcecode.c.objc; path = TCTVShowController.m; sourceTree = "<group>"; };
		1EE3EE750E53CF590099684C /* libz.1.2.3.dylib */ = {isa = PBXFileReference; lastKnownFileType = "compiled.mach-o.dylib"; name = libz.1.2.3.dylib; path = usr/lib/libz.1.2.3.dylib; sourceTree = SDKROOT; };
		1EE3EE890E53D0470099684C /* libbz2.1.0.4.dylib */ = {isa = PBXFileReference; lastKnownFileType = "compiled.mach-o.dylib"; name = libbz2.1.0.4.dylib; path = usr/lib/libbz2.1.0.4.dylib; sourceTree = SDKROOT; };
		29B97316FDCFA39411CA2CEA /* main.m */ = {isa = PBXFileReference; fileEncoding = 4; lastKnownFileType = sourcecode.c.objc; path = main.m; sourceTree = "<group>"; };
		29B97324FDCFA39411CA2CEA /* AppKit.framework */ = {isa = PBXFileReference; lastKnownFileType = wrapper.framework; name = AppKit.framework; path = /System/Library/Frameworks/AppKit.framework; sourceTree = "<absolute>"; };
		29B97325FDCFA39411CA2CEA /* Foundation.framework */ = {isa = PBXFileReference; lastKnownFileType = wrapper.framework; name = Foundation.framework; path = /System/Library/Frameworks/Foundation.framework; sourceTree = "<absolute>"; };
		2F7446980DB6B7EA00F9684A /* English */ = {isa = PBXFileReference; lastKnownFileType = file.xib; name = English; path = English.lproj/MainMenu.xib; sourceTree = "<group>"; };
		32CA4F630368D1EE00C91783 /* Technicolor_Prefix.pch */ = {isa = PBXFileReference; fileEncoding = 4; lastKnownFileType = sourcecode.c.h; path = Technicolor_Prefix.pch; sourceTree = "<group>"; };
		770B37EC0679A11B001EADE2 /* Technicolor_DataModel.xcdatamodel */ = {isa = PBXFileReference; fileEncoding = 4; lastKnownFileType = wrapper.xcdatamodel; path = Technicolor_DataModel.xcdatamodel; sourceTree = "<group>"; };
		77C82804067257F0000B614F /* CoreData.framework */ = {isa = PBXFileReference; lastKnownFileType = wrapper.framework; name = CoreData.framework; path = /System/Library/Frameworks/CoreData.framework; sourceTree = "<absolute>"; };
		77C8280B06725ACE000B614F /* Technicolor_AppDelegate.h */ = {isa = PBXFileReference; fileEncoding = 4; lastKnownFileType = sourcecode.c.h; path = Technicolor_AppDelegate.h; sourceTree = "<group>"; };
		77C8280C06725ACE000B614F /* Technicolor_AppDelegate.m */ = {isa = PBXFileReference; fileEncoding = 4; lastKnownFileType = sourcecode.c.objc; path = Technicolor_AppDelegate.m; sourceTree = "<group>"; };
		8D1107310486CEB800E47090 /* Info.plist */ = {isa = PBXFileReference; fileEncoding = 4; lastKnownFileType = text.plist; path = Info.plist; sourceTree = "<group>"; };
		8D1107320486CEB800E47090 /* Technicolor.app */ = {isa = PBXFileReference; explicitFileType = wrapper.application; includeInIndex = 0; path = Technicolor.app; sourceTree = BUILT_PRODUCTS_DIR; };
/* End PBXFileReference section */

/* Begin PBXFrameworksBuildPhase section */
		8D11072E0486CEB800E47090 /* Frameworks */ = {
			isa = PBXFrameworksBuildPhase;
			buildActionMask = 2147483647;
			files = (
				1E83CCD80E6B890D00987FC1 /* libpng.dylib in Frameworks */,
				1E83CCD90E6B890D00987FC1 /* libz.1.2.3.dylib in Frameworks */,
				1E83CCDA0E6B890D00987FC1 /* libbz2.1.0.4.dylib in Frameworks */,
				8D11072F0486CEB800E47090 /* Cocoa.framework in Frameworks */,
				1E83CC760E6B74CB00987FC1 /* WebKit.framework in Frameworks */,
			);
			runOnlyForDeploymentPostprocessing = 0;
		};
/* End PBXFrameworksBuildPhase section */

/* Begin PBXGroup section */
		080E96DDFE201D6D7F000001 /* Classes */ = {
			isa = PBXGroup;
			children = (
				1E5979300E6CD60E004AC648 /* TNSWDownload.h */,
				1E5979310E6CD60E004AC648 /* TNSWDownload.m */,
				1E94304B0E69197C00EEA6B1 /* TVRage */,
				1E95DBF70E57BD9600B6A7E9 /* TCTVShowController.h */,
				1E95DBF80E57BD9600B6A7E9 /* TCTVShowController.m */,
				77C8280B06725ACE000B614F /* Technicolor_AppDelegate.h */,
				77C8280C06725ACE000B614F /* Technicolor_AppDelegate.m */,
				1E10D8060E6C459900C69D38 /* TCProcessingQueueController.h */,
				1E10D8070E6C459900C69D38 /* TCProcessingQueueController.m */,
			);
			name = Classes;
			sourceTree = "<group>";
		};
		1058C7A0FEA54F0111CA2CBB /* Linked Frameworks */ = {
			isa = PBXGroup;
			children = (
				1058C7A1FEA54F0111CA2CBB /* Cocoa.framework */,
			);
			name = "Linked Frameworks";
			sourceTree = "<group>";
		};
		1058C7A2FEA54F0111CA2CBB /* Other Frameworks */ = {
			isa = PBXGroup;
			children = (
				77C82804067257F0000B614F /* CoreData.framework */,
				29B97325FDCFA39411CA2CEA /* Foundation.framework */,
				29B97324FDCFA39411CA2CEA /* AppKit.framework */,
			);
			name = "Other Frameworks";
			sourceTree = "<group>";
		};
		19C28FACFE9D520D11CA2CBB /* Products */ = {
			isa = PBXGroup;
			children = (
				8D1107320486CEB800E47090 /* Technicolor.app */,
			);
			name = Products;
			sourceTree = "<group>";
		};
		1E94304B0E69197C00EEA6B1 /* TVRage */ = {
			isa = PBXGroup;
			children = (
				1E5978C80E6CCFD3004AC648 /* TCTVRageImports.h */,
				1E83CC7B0E6B755200987FC1 /* TVRageController.h */,
				1E83CC7C0E6B755200987FC1 /* TVRageController.m */,
				1E5978C30E6CC5B8004AC648 /* TVRageOperation.h */,
				1E5978C40E6CC5B8004AC648 /* TVRageOperation.m */,
			);
			name = TVRage;
			sourceTree = "<group>";
		};
		29B97314FDCFA39411CA2CEA /* Technicolor */ = {
			isa = PBXGroup;
			children = (
				7756732906782D8800D1FEB8 /* Models */,
				080E96DDFE201D6D7F000001 /* Classes */,
				29B97315FDCFA39411CA2CEA /* Other Sources */,
				29B97317FDCFA39411CA2CEA /* Resources */,
				29B97323FDCFA39411CA2CEA /* Frameworks */,
				19C28FACFE9D520D11CA2CBB /* Products */,
				1E50D7D40E5010ED00BDA918 /* Wizard.nib */,
				1E735ADF0E5159D9004FAD1A /* libpng.dylib */,
				1EE3EE750E53CF590099684C /* libz.1.2.3.dylib */,
				1EE3EE890E53D0470099684C /* libbz2.1.0.4.dylib */,
				1E83CC750E6B74CB00987FC1 /* WebKit.framework */,
				1E3BA36A0E8F070200585E21 /* CalendarStore.framework */,
			);
			name = Technicolor;
			sourceTree = "<group>";
		};
		29B97315FDCFA39411CA2CEA /* Other Sources */ = {
			isa = PBXGroup;
			children = (
				32CA4F630368D1EE00C91783 /* Technicolor_Prefix.pch */,
				29B97316FDCFA39411CA2CEA /* main.m */,
			);
			name = "Other Sources";
			sourceTree = "<group>";
		};
		29B97317FDCFA39411CA2CEA /* Resources */ = {
			isa = PBXGroup;
			children = (
				8D1107310486CEB800E47090 /* Info.plist */,
				089C165CFE840E0CC02AAC07 /* InfoPlist.strings */,
				2F7446970DB6B7EA00F9684A /* MainMenu.xib */,
			);
			name = Resources;
			sourceTree = "<group>";
		};
		29B97323FDCFA39411CA2CEA /* Frameworks */ = {
			isa = PBXGroup;
			children = (
				1058C7A0FEA54F0111CA2CBB /* Linked Frameworks */,
				1058C7A2FEA54F0111CA2CBB /* Other Frameworks */,
			);
			name = Frameworks;
			sourceTree = "<group>";
		};
		7756732906782D8800D1FEB8 /* Models */ = {
			isa = PBXGroup;
			children = (
				1E3BA3340E8F063F00585E21 /* TCCalendar.h */,
				1E3BA3350E8F063F00585E21 /* TCCalendar.m */,
				1E3BA3360E8F063F00585E21 /* TCCalendarEvent.h */,
				1E3BA3370E8F063F00585E21 /* TCCalendarEvent.m */,
				1E95DA6F0E5779B700B6A7E9 /* TCDVDVideo.h */,
				1E95DA700E5779B700B6A7E9 /* TCDVDVideo.m */,
				1E95DA710E5779B700B6A7E9 /* TCFFMPEGVideo.h */,
				1E95DA720E5779B700B6A7E9 /* TCFFMPEGVideo.m */,
				1E83CCA80E6B7D6E00987FC1 /* TCFFMPEGInfoOperation.h */,
				1E83CCA90E6B7D6E00987FC1 /* TCFFMPEGInfoOperation.m */,
				1E95DA730E5779B700B6A7E9 /* TCMovie.h */,
				1E95DA740E5779B700B6A7E9 /* TCMovie.m */,
				1E95DA750E5779B700B6A7E9 /* TCMovieVideo.h */,
				1E95DA760E5779B700B6A7E9 /* TCMovieVideo.m */,
				1E95DA770E5779B700B6A7E9 /* TCTVShow.h */,
				1E95DA780E5779B700B6A7E9 /* TCTVShow.m */,
				1E95DA790E5779B700B6A7E9 /* TCTVEpisode.h */,
				1E95DA7A0E5779B700B6A7E9 /* TCTVEpisode.m */,
				1E95DA7B0E5779B700B6A7E9 /* TCVideoFile.h */,
				1E95DA7C0E5779B700B6A7E9 /* TCVideoFile.m */,
				1E50D7800E4FFA7500BDA918 /* TCVideo.h */,
				1E50D7810E4FFA7500BDA918 /* TCVideo.m */,
				770B37EC0679A11B001EADE2 /* Technicolor_DataModel.xcdatamodel */,
				1E50D7CB0E50094C00BDA918 /* TVSeasonController.h */,
				1E50D7CC0E50094C00BDA918 /* TVSeasonController.m */,
				1E50D7D10E500F3700BDA918 /* TCWizardController.h */,
				1E50D7D20E500F3700BDA918 /* TCWizardController.m */,
			);
			name = Models;
			sourceTree = "<group>";
		};
/* End PBXGroup section */

/* Begin PBXLegacyTarget section */
		1E7353A70E51455B004FAD1A /* ffmpeg */ = {
			isa = PBXLegacyTarget;
			buildArgumentsString = "$(ACTION)";
			buildConfigurationList = 1E7353B30E5145AA004FAD1A /* Build configuration list for PBXLegacyTarget "ffmpeg" */;
			buildPhases = (
			);
			buildToolPath = /usr/bin/make;
			buildWorkingDirectory = /Users/syco/Projects/Externals/ffmpeg/ffmpeg/trunk;
			dependencies = (
			);
			name = ffmpeg;
			passBuildSettingsInEnvironment = 1;
			productName = libavformat;
		};
/* End PBXLegacyTarget section */

/* Begin PBXNativeTarget section */
		8D1107260486CEB800E47090 /* Technicolor */ = {
			isa = PBXNativeTarget;
			buildConfigurationList = 26FC0A840875C7B200E6366F /* Build configuration list for PBXNativeTarget "Technicolor" */;
			buildPhases = (
				8D1107290486CEB800E47090 /* Resources */,
				8D11072C0486CEB800E47090 /* Sources */,
				8D11072E0486CEB800E47090 /* Frameworks */,
			);
			buildRules = (
			);
			dependencies = (
			);
			name = Technicolor;
			productInstallPath = "$(HOME)/Applications";
			productName = Technicolor;
			productReference = 8D1107320486CEB800E47090 /* Technicolor.app */;
			productType = "com.apple.product-type.application";
		};
/* End PBXNativeTarget section */

/* Begin PBXProject section */
		29B97313FDCFA39411CA2CEA /* Project object */ = {
			isa = PBXProject;
			buildConfigurationList = 26FC0A880875C7B200E6366F /* Build configuration list for PBXProject "Technicolor" */;
			compatibilityVersion = "Xcode 3.1";
			hasScannedForEncodings = 1;
			mainGroup = 29B97314FDCFA39411CA2CEA /* Technicolor */;
			projectDirPath = "";
			projectRoot = "";
			targets = (
				1E7353A70E51455B004FAD1A /* ffmpeg */,
				8D1107260486CEB800E47090 /* Technicolor */,
			);
		};
/* End PBXProject section */

/* Begin PBXResourcesBuildPhase section */
		8D1107290486CEB800E47090 /* Resources */ = {
			isa = PBXResourcesBuildPhase;
			buildActionMask = 2147483647;
			files = (
				8D11072B0486CEB800E47090 /* InfoPlist.strings in Resources */,
				2F7446990DB6B7EA00F9684A /* MainMenu.xib in Resources */,
				1E50D7D60E5010ED00BDA918 /* Wizard.nib in Resources */,
			);
			runOnlyForDeploymentPostprocessing = 0;
		};
/* End PBXResourcesBuildPhase section */

/* Begin PBXSourcesBuildPhase section */
		8D11072C0486CEB800E47090 /* Sources */ = {
			isa = PBXSourcesBuildPhase;
			buildActionMask = 2147483647;
			files = (
				8D11072D0486CEB800E47090 /* main.m in Sources */,
				77C8280E06725ACE000B614F /* Technicolor_AppDelegate.m in Sources */,
				770B37ED0679A11B001EADE2 /* Technicolor_DataModel.xcdatamodel in Sources */,
				1E50D7820E4FFA7500BDA918 /* TCVideo.m in Sources */,
				1E50D7CD0E50094C00BDA918 /* TVSeasonController.m in Sources */,
				1E50D7D30E500F3700BDA918 /* TCWizardController.m in Sources */,
				1E95DA7F0E5779B700B6A7E9 /* TCMovie.m in Sources */,
				1E95DA800E5779B700B6A7E9 /* TCMovieVideo.m in Sources */,
				1E95DA810E5779B700B6A7E9 /* TCTVShow.m in Sources */,
				1E95DA820E5779B700B6A7E9 /* TCTVEpisode.m in Sources */,
				1E95DA830E5779B700B6A7E9 /* TCVideoFile.m in Sources */,
				1E95DBF90E57BD9600B6A7E9 /* TCTVShowController.m in Sources */,
				1E10D8080E6C459900C69D38 /* TCProcessingQueueController.m in Sources */,
				1E5979320E6CD60E004AC648 /* TNSWDownload.m in Sources */,
			);
			runOnlyForDeploymentPostprocessing = 0;
		};
/* End PBXSourcesBuildPhase section */

/* Begin PBXVariantGroup section */
		089C165CFE840E0CC02AAC07 /* InfoPlist.strings */ = {
			isa = PBXVariantGroup;
			children = (
				089C165DFE840E0CC02AAC07 /* English */,
			);
			name = InfoPlist.strings;
			sourceTree = "<group>";
		};
		1E50D7D40E5010ED00BDA918 /* Wizard.nib */ = {
			isa = PBXVariantGroup;
			children = (
				1E50D7D50E5010ED00BDA918 /* English */,
			);
			name = Wizard.nib;
			sourceTree = "<group>";
		};
		2F7446970DB6B7EA00F9684A /* MainMenu.xib */ = {
			isa = PBXVariantGroup;
			children = (
				2F7446980DB6B7EA00F9684A /* English */,
			);
			name = MainMenu.xib;
			sourceTree = "<group>";
		};
/* End PBXVariantGroup section */

/* Begin XCBuildConfiguration section */
		1E7353A80E51455B004FAD1A /* Debug */ = {
			isa = XCBuildConfiguration;
			buildSettings = {
				COPY_PHASE_STRIP = NO;
				GCC_DYNAMIC_NO_PIC = NO;
				GCC_OPTIMIZATION_LEVEL = 0;
				PRODUCT_NAME = libavformat;
			};
			name = Debug;
		};
		1E7353A90E51455B004FAD1A /* Release */ = {
			isa = XCBuildConfiguration;
			buildSettings = {
				COPY_PHASE_STRIP = YES;
				DEBUG_INFORMATION_FORMAT = "dwarf-with-dsym";
				GCC_ENABLE_FIX_AND_CONTINUE = NO;
				PRODUCT_NAME = libavformat;
				ZERO_LINK = NO;
			};
			name = Release;
		};
		26FC0A850875C7B200E6366F /* Debug */ = {
			isa = XCBuildConfiguration;
			buildSettings = {
				COPY_PHASE_STRIP = NO;
				GCC_DYNAMIC_NO_PIC = NO;
				GCC_ENABLE_FIX_AND_CONTINUE = YES;
				GCC_ENABLE_OBJC_EXCEPTIONS = YES;
				GCC_MODEL_TUNING = G5;
				GCC_OPTIMIZATION_LEVEL = 0;
				GCC_PRECOMPILE_PREFIX_HEADER = YES;
				GCC_PREFIX_HEADER = Technicolor_Prefix.pch;
				HEADER_SEARCH_PATHS = (
					"/usr/local/include/**",
					"~/Projects/External/ffmpeg/ffmpeg/trunk//**",
				);
				INFOPLIST_FILE = Info.plist;
				INSTALL_PATH = "$(HOME)/Applications";
				LIBRARY_SEARCH_PATHS = (
					"$(inherited)",
					"\"$(SRCROOT)/../Externals/ffmpeg/ffmpeg/trunk/libavcodec\"",
					"\"$(SRCROOT)/../Externals/ffmpeg/ffmpeg/trunk/libavformat\"",
					"\"$(SRCROOT)/../Externals/ffmpeg/ffmpeg/trunk/libavutil\"",
					"\"$(SRCROOT)/../Externals/ffmpeg/ffmpeg/trunk/libavdevice\"",
				);
				PRODUCT_NAME = Technicolor;
				WRAPPER_EXTENSION = app;
			};
			name = Debug;
		};
		26FC0A860875C7B200E6366F /* Release */ = {
			isa = XCBuildConfiguration;
			buildSettings = {
				DEBUG_INFORMATION_FORMAT = "dwarf-with-dsym";
				GCC_ENABLE_OBJC_EXCEPTIONS = YES;
				GCC_MODEL_TUNING = G5;
				GCC_PRECOMPILE_PREFIX_HEADER = YES;
				GCC_PREFIX_HEADER = Technicolor_Prefix.pch;
				HEADER_SEARCH_PATHS = (
					"/usr/local/include/**",
					"~/Projects/External/ffmpeg/ffmpeg/trunk//**",
				);
				INFOPLIST_FILE = Info.plist;
				INSTALL_PATH = "$(HOME)/Applications";
				LIBRARY_SEARCH_PATHS = (
					"$(inherited)",
					"\"$(SRCROOT)/../Externals/ffmpeg/ffmpeg/trunk/libavcodec\"",
					"\"$(SRCROOT)/../Externals/ffmpeg/ffmpeg/trunk/libavformat\"",
					"\"$(SRCROOT)/../Externals/ffmpeg/ffmpeg/trunk/libavutil\"",
					"\"$(SRCROOT)/../Externals/ffmpeg/ffmpeg/trunk/libavdevice\"",
				);
				PRODUCT_NAME = Technicolor;
				WRAPPER_EXTENSION = app;
			};
			name = Release;
		};
		26FC0A890875C7B200E6366F /* Debug */ = {
			isa = XCBuildConfiguration;
			buildSettings = {
				ARCHS = "$(ARCHS_STANDARD_32_BIT)";
				GCC_C_LANGUAGE_STANDARD = c99;
				GCC_WARN_ABOUT_RETURN_TYPE = YES;
				GCC_WARN_UNUSED_VARIABLE = YES;
				ONLY_ACTIVE_ARCH = YES;
				PREBINDING = NO;
				SDKROOT = macosx10.5;
			};
			name = Debug;
		};
		26FC0A8A0875C7B200E6366F /* Release */ = {
			isa = XCBuildConfiguration;
			buildSettings = {
				ARCHS = "$(ARCHS_STANDARD_32_BIT)";
				GCC_C_LANGUAGE_STANDARD = c99;
				GCC_WARN_ABOUT_RETURN_TYPE = YES;
				GCC_WARN_UNUSED_VARIABLE = YES;
				PREBINDING = NO;
				SDKROOT = macosx10.5;
			};
			name = Release;
		};
/* End XCBuildConfiguration section */

/* Begin XCConfigurationList section */
		1E7353B30E5145AA004FAD1A /* Build configuration list for PBXLegacyTarget "ffmpeg" */ = {
			isa = XCConfigurationList;
			buildConfigurations = (
				1E7353A80E51455B004FAD1A /* Debug */,
				1E7353A90E51455B004FAD1A /* Release */,
			);
			defaultConfigurationIsVisible = 0;
			defaultConfigurationName = Release;
		};
		26FC0A840875C7B200E6366F /* Build configuration list for PBXNativeTarget "Technicolor" */ = {
			isa = XCConfigurationList;
			buildConfigurations = (
				26FC0A850875C7B200E6366F /* Debug */,
				26FC0A860875C7B200E6366F /* Release */,
			);
			defaultConfigurationIsVisible = 0;
			defaultConfigurationName = Release;
		};
		26FC0A880875C7B200E6366F /* Build configuration list for PBXProject "Technicolor" */ = {
			isa = XCConfigurationList;
			buildConfigurations = (
				26FC0A890875C7B200E6366F /* Debug */,
				26FC0A8A0875C7B200E6366F /* Release */,
			);
			defaultConfigurationIsVisible = 0;
			defaultConfigurationName = Release;
		};
/* End XCConfigurationList section */
	};
	rootObject = 29B97313FDCFA39411CA2CEA /* Project object */;
}
