// !$*UTF8*$!
{
	archiveVersion = 1;
	classes = {
	};
	objectVersion = 44;
	objects = {

/* Begin PBXBuildFile section */
		1E10D8080E6C459900C69D38 /* TCProcessingQueueController.m in Sources */ = {isa = PBXBuildFile; fileRef = 1E10D8070E6C459900C69D38 /* TCProcessingQueueController.m */; };
		1E23C8080EEFA3A100E6C373 /* JSXObjC.framework in Copy Frameworks */ = {isa = PBXBuildFile; fileRef = 1E23C6560EEFA06700E6C373 /* JSXObjC.framework */; };
		1E23C82E0EEFA5FC00E6C373 /* TCJSInterpreterController.m in Sources */ = {isa = PBXBuildFile; fileRef = 1E23C82D0EEFA5FC00E6C373 /* TCJSInterpreterController.m */; };
		1E23C8300EEFA6C300E6C373 /* TCJSInterpreter.xib in Resources */ = {isa = PBXBuildFile; fileRef = 1E23C82F0EEFA6C300E6C373 /* TCJSInterpreter.xib */; };
		1E3845F60ED8BEDF00DD6F43 /* TCRegex.h in Headers */ = {isa = PBXBuildFile; fileRef = 1E3845F40ED8BEDF00DD6F43 /* TCRegex.h */; };
		1E3845F70ED8BEDF00DD6F43 /* TCRegex.m in Sources */ = {isa = PBXBuildFile; fileRef = 1E3845F50ED8BEDF00DD6F43 /* TCRegex.m */; };
		1E38470B0ED8C72D00DD6F43 /* Technicolor_DataModel.xcdatamodel in Sources */ = {isa = PBXBuildFile; fileRef = 1E38470A0ED8C72D00DD6F43 /* Technicolor_DataModel.xcdatamodel */; };
		1E4916140EABFB76005CEC4F /* Technicolor.h in Headers */ = {isa = PBXBuildFile; fileRef = 1E4916130EABFB76005CEC4F /* Technicolor.h */; settings = {ATTRIBUTES = (Public, ); }; };
		1E50D7D60E5010ED00BDA918 /* Wizard.nib in Resources */ = {isa = PBXBuildFile; fileRef = 1E50D7D40E5010ED00BDA918 /* Wizard.nib */; };
		1E5E38680EA2FBB700FD67A3 /* TCCore.framework in Frameworks */ = {isa = PBXBuildFile; fileRef = 1E63689E0EA253590003034E /* TCCore.framework */; };
		1E5E386A0EA2FBB700FD67A3 /* CoreData.framework in Frameworks */ = {isa = PBXBuildFile; fileRef = 1E5E38690EA2FBB700FD67A3 /* CoreData.framework */; };
		1E5E38750EA2FBD400FD67A3 /* TCProcessingQueuePlugin.m in Sources */ = {isa = PBXBuildFile; fileRef = 1E5E38740EA2FBD400FD67A3 /* TCProcessingQueuePlugin.m */; };
		1E5E38810EA2FC1200FD67A3 /* TCCore.framework in Copy Frameworks */ = {isa = PBXBuildFile; fileRef = 1E63689E0EA253590003034E /* TCCore.framework */; };
		1E5EFA640EAC363F006F064E /* TCJSPlugin.m in Sources */ = {isa = PBXBuildFile; fileRef = 1E5EFA630EAC363F006F064E /* TCJSPlugin.m */; };
		1E5EFB010EAC36C4006F064E /* CoreFoundation.framework in Frameworks */ = {isa = PBXBuildFile; fileRef = 1E49162D0EABFBF3005CEC4F /* CoreFoundation.framework */; };
		1E5EFB5A0EAC3792006F064E /* TCCore.framework in Frameworks */ = {isa = PBXBuildFile; fileRef = 1E63689E0EA253590003034E /* TCCore.framework */; };
		1E5EFB5C0EAC3799006F064E /* Foundation.framework in Frameworks */ = {isa = PBXBuildFile; fileRef = 29B97325FDCFA39411CA2CEA /* Foundation.framework */; };
		1E6367DA0EA252DD0003034E /* Cocoa.framework in Frameworks */ = {isa = PBXBuildFile; fileRef = 1058C7A1FEA54F0111CA2CBB /* Cocoa.framework */; };
		1E6367DB0EA252DD0003034E /* CoreData.framework in Frameworks */ = {isa = PBXBuildFile; fileRef = 77C82804067257F0000B614F /* CoreData.framework */; };
		1E6367DC0EA252DD0003034E /* Foundation.framework in Frameworks */ = {isa = PBXBuildFile; fileRef = 29B97325FDCFA39411CA2CEA /* Foundation.framework */; };
		1E6367DD0EA252DD0003034E /* AppKit.framework in Frameworks */ = {isa = PBXBuildFile; fileRef = 29B97324FDCFA39411CA2CEA /* AppKit.framework */; };
		1E6368A30EA253670003034E /* TCCore.framework in Frameworks */ = {isa = PBXBuildFile; fileRef = 1E63689E0EA253590003034E /* TCCore.framework */; };
		1E6368A50EA253740003034E /* CoreData.framework in Frameworks */ = {isa = PBXBuildFile; fileRef = 77C82804067257F0000B614F /* CoreData.framework */; };
		1E6368A60EA253740003034E /* Foundation.framework in Frameworks */ = {isa = PBXBuildFile; fileRef = 29B97325FDCFA39411CA2CEA /* Foundation.framework */; };
		1E6368A70EA253740003034E /* AppKit.framework in Frameworks */ = {isa = PBXBuildFile; fileRef = 29B97324FDCFA39411CA2CEA /* AppKit.framework */; };
		1E6368A90EA253A70003034E /* TCMovie.h in Headers */ = {isa = PBXBuildFile; fileRef = 1EB8C94A0EA1AAA500984CD7 /* TCMovie.h */; settings = {ATTRIBUTES = (Public, ); }; };
		1E6368AA0EA253A70003034E /* TCMovieVideo.h in Headers */ = {isa = PBXBuildFile; fileRef = 1EB8C94C0EA1AAA500984CD7 /* TCMovieVideo.h */; settings = {ATTRIBUTES = (Public, ); }; };
		1E6368AB0EA253A70003034E /* TCTVEpisode.h in Headers */ = {isa = PBXBuildFile; fileRef = 1EB8C94E0EA1AAA500984CD7 /* TCTVEpisode.h */; settings = {ATTRIBUTES = (Public, ); }; };
		1E6368AC0EA253A70003034E /* TCTVShow.h in Headers */ = {isa = PBXBuildFile; fileRef = 1EB8C9500EA1AAA500984CD7 /* TCTVShow.h */; settings = {ATTRIBUTES = (Public, ); }; };
		1E6368AD0EA253A70003034E /* TCVideo.h in Headers */ = {isa = PBXBuildFile; fileRef = 1EB8C9520EA1AAA500984CD7 /* TCVideo.h */; settings = {ATTRIBUTES = (Public, ); }; };
		1E6368AE0EA253A70003034E /* TCVideoFile.h in Headers */ = {isa = PBXBuildFile; fileRef = 1EB8C9540EA1AAA500984CD7 /* TCVideoFile.h */; settings = {ATTRIBUTES = (Public, ); }; };
		1E6368AF0EA253BF0003034E /* TCMovie.m in Sources */ = {isa = PBXBuildFile; fileRef = 1EB8C94B0EA1AAA500984CD7 /* TCMovie.m */; };
		1E6368B00EA253BF0003034E /* TCMovieVideo.m in Sources */ = {isa = PBXBuildFile; fileRef = 1EB8C94D0EA1AAA500984CD7 /* TCMovieVideo.m */; };
		1E6368B10EA253BF0003034E /* TCTVEpisode.m in Sources */ = {isa = PBXBuildFile; fileRef = 1EB8C94F0EA1AAA500984CD7 /* TCTVEpisode.m */; };
		1E6368B20EA253BF0003034E /* TCTVShow.m in Sources */ = {isa = PBXBuildFile; fileRef = 1EB8C9510EA1AAA500984CD7 /* TCTVShow.m */; };
		1E6368B30EA253BF0003034E /* TCVideo.m in Sources */ = {isa = PBXBuildFile; fileRef = 1EB8C9530EA1AAA500984CD7 /* TCVideo.m */; };
		1E6368B40EA253BF0003034E /* TCVideoFile.m in Sources */ = {isa = PBXBuildFile; fileRef = 1EB8C9550EA1AAA500984CD7 /* TCVideoFile.m */; };
		1E6368B60EA253CC0003034E /* CoreData.framework in Frameworks */ = {isa = PBXBuildFile; fileRef = 77C82804067257F0000B614F /* CoreData.framework */; };
		1E6368B70EA253CC0003034E /* Foundation.framework in Frameworks */ = {isa = PBXBuildFile; fileRef = 29B97325FDCFA39411CA2CEA /* Foundation.framework */; };
		1E6368BD0EA253E00003034E /* TCCore.framework in Frameworks */ = {isa = PBXBuildFile; fileRef = 1E63689E0EA253590003034E /* TCCore.framework */; };
		1E6368BF0EA253EA0003034E /* TCCore.framework in Frameworks */ = {isa = PBXBuildFile; fileRef = 1E63689E0EA253590003034E /* TCCore.framework */; };
		1E63691A0EA25A3C0003034E /* TCDownload.h in Headers */ = {isa = PBXBuildFile; fileRef = 1E6369180EA25A3C0003034E /* TCDownload.h */; settings = {ATTRIBUTES = (Public, ); }; };
		1E63691B0EA25A3C0003034E /* TCDownload.m in Sources */ = {isa = PBXBuildFile; fileRef = 1E6369190EA25A3C0003034E /* TCDownload.m */; };
		1E63692D0EA26EE60003034E /* TCOrganizationPlugin.h in Headers */ = {isa = PBXBuildFile; fileRef = 1E63692B0EA26EE60003034E /* TCOrganizationPlugin.h */; settings = {ATTRIBUTES = (Public, ); }; };
		1E63692E0EA26EE60003034E /* TCOrganizationPlugin.m in Sources */ = {isa = PBXBuildFile; fileRef = 1E63692C0EA26EE60003034E /* TCOrganizationPlugin.m */; };
		1E6369310EA270970003034E /* TCCalendarPlugin.m in Sources */ = {isa = PBXBuildFile; fileRef = 1E6369300EA270970003034E /* TCCalendarPlugin.m */; };
		1E6369340EA270CC0003034E /* TCTVRagePlugin.m in Sources */ = {isa = PBXBuildFile; fileRef = 1E6369330EA270CC0003034E /* TCTVRagePlugin.m */; };
		1E63698A0EA2736E0003034E /* TCOrganizationPluginManager.m in Sources */ = {isa = PBXBuildFile; fileRef = 1E6369890EA2736E0003034E /* TCOrganizationPluginManager.m */; };
		1E636A020EA290200003034E /* TCCoreUtils.h in Headers */ = {isa = PBXBuildFile; fileRef = 1E636A000EA290200003034E /* TCCoreUtils.h */; settings = {ATTRIBUTES = (Public, ); }; };
		1E636A030EA290200003034E /* TCCoreUtils.m in Sources */ = {isa = PBXBuildFile; fileRef = 1E636A010EA290200003034E /* TCCoreUtils.m */; };
		1E636A560EA29B030003034E /* TCTVShowView.nib in Resources */ = {isa = PBXBuildFile; fileRef = 1E636A540EA29B030003034E /* TCTVShowView.nib */; };
		1E636A720EA29CA10003034E /* whitebar-bg.png in Resources */ = {isa = PBXBuildFile; fileRef = 1E636A710EA29CA10003034E /* whitebar-bg.png */; };
		1E636A7E0EA29D1B0003034E /* TCCore-Info.plist in Resources */ = {isa = PBXBuildFile; fileRef = 1E63689F0EA253590003034E /* TCCore-Info.plist */; };
		1E6C75B30EE651F80099140B /* CoreFoundation.framework in Frameworks */ = {isa = PBXBuildFile; fileRef = 1E49162D0EABFBF3005CEC4F /* CoreFoundation.framework */; };
		1E6C75B40EE651F80099140B /* CoreData.framework in Frameworks */ = {isa = PBXBuildFile; fileRef = 77C82804067257F0000B614F /* CoreData.framework */; };
		1E6C75B50EE651F80099140B /* Foundation.framework in Frameworks */ = {isa = PBXBuildFile; fileRef = 29B97325FDCFA39411CA2CEA /* Foundation.framework */; };
		1E6C75BF0EE652090099140B /* AppKit.framework in Frameworks */ = {isa = PBXBuildFile; fileRef = 1E6C75BE0EE652090099140B /* AppKit.framework */; };
		1E6C75D90EE6527A0099140B /* TCCore.framework in Frameworks */ = {isa = PBXBuildFile; fileRef = 1E63689E0EA253590003034E /* TCCore.framework */; };
		1E6C75E70EE653340099140B /* TCCoreUI-Info.plist in Resources */ = {isa = PBXBuildFile; fileRef = 1E6C75BC0EE651F80099140B /* TCCoreUI-Info.plist */; };
		1E6C75F90EE653DB0099140B /* TCMasterDetailCell.h in Headers */ = {isa = PBXBuildFile; fileRef = 1E6C75F70EE653DB0099140B /* TCMasterDetailCell.h */; };
		1E6C75FA0EE653DB0099140B /* TCMasterDetailCell.m in Sources */ = {isa = PBXBuildFile; fileRef = 1E6C75F80EE653DB0099140B /* TCMasterDetailCell.m */; };
		1E6C75FC0EE653EB0099140B /* TCCoreUI.framework in Copy Frameworks */ = {isa = PBXBuildFile; fileRef = 1E6C75B90EE651F80099140B /* TCCoreUI.framework */; };
		1E6C76220EE657B60099140B /* TCCoreUI.framework in Frameworks */ = {isa = PBXBuildFile; fileRef = 1E6C75B90EE651F80099140B /* TCCoreUI.framework */; };
		1E6C76800EE660A50099140B /* TCVideoFile+PreviewImage.h in Headers */ = {isa = PBXBuildFile; fileRef = 1E6C767E0EE660A50099140B /* TCVideoFile+PreviewImage.h */; };
		1E6C76810EE660A50099140B /* TCVideoFile+PreviewImage.m in Sources */ = {isa = PBXBuildFile; fileRef = 1E6C767F0EE660A50099140B /* TCVideoFile+PreviewImage.m */; };
		1E6C76860EE660F40099140B /* QuickLook.framework in Frameworks */ = {isa = PBXBuildFile; fileRef = 1E6C76850EE660F40099140B /* QuickLook.framework */; };
		1E83CC760E6B74CB00987FC1 /* WebKit.framework in Frameworks */ = {isa = PBXBuildFile; fileRef = 1E83CC750E6B74CB00987FC1 /* WebKit.framework */; };
		1E83CCD80E6B890D00987FC1 /* libpng.dylib in Frameworks */ = {isa = PBXBuildFile; fileRef = 1E735ADF0E5159D9004FAD1A /* libpng.dylib */; };
		1E83CCD90E6B890D00987FC1 /* libz.1.2.3.dylib in Frameworks */ = {isa = PBXBuildFile; fileRef = 1EE3EE750E53CF590099684C /* libz.1.2.3.dylib */; };
		1E83CCDA0E6B890D00987FC1 /* libbz2.1.0.4.dylib in Frameworks */ = {isa = PBXBuildFile; fileRef = 1EE3EE890E53D0470099684C /* libbz2.1.0.4.dylib */; };
		1E95DBF90E57BD9600B6A7E9 /* TCTVShowController.m in Sources */ = {isa = PBXBuildFile; fileRef = 1E95DBF80E57BD9600B6A7E9 /* TCTVShowController.m */; };
		1EB8CAB10EA1ABDC00984CD7 /* Cocoa.framework in Frameworks */ = {isa = PBXBuildFile; fileRef = 1058C7A1FEA54F0111CA2CBB /* Cocoa.framework */; };
		1EB8CAB20EA1ABDC00984CD7 /* CoreData.framework in Frameworks */ = {isa = PBXBuildFile; fileRef = 77C82804067257F0000B614F /* CoreData.framework */; };
		1EB8CAB30EA1ABDC00984CD7 /* Foundation.framework in Frameworks */ = {isa = PBXBuildFile; fileRef = 29B97325FDCFA39411CA2CEA /* Foundation.framework */; };
		1EB8CAB40EA1ABDC00984CD7 /* AppKit.framework in Frameworks */ = {isa = PBXBuildFile; fileRef = 29B97324FDCFA39411CA2CEA /* AppKit.framework */; };
		1EB8CAB50EA1ABDC00984CD7 /* CalendarStore.framework in Frameworks */ = {isa = PBXBuildFile; fileRef = 1E3BA36A0E8F070200585E21 /* CalendarStore.framework */; };
		1EB8CAD00EA1AC7B00984CD7 /* TCCalendar.m in Sources */ = {isa = PBXBuildFile; fileRef = 1EB8CAC50EA1AC2500984CD7 /* TCCalendar.m */; };
		1EB8CAD10EA1AC7B00984CD7 /* TCCalendarEvent.m in Sources */ = {isa = PBXBuildFile; fileRef = 1EB8CAC70EA1AC2500984CD7 /* TCCalendarEvent.m */; };
		1EB8CAF90EA1ACFB00984CD7 /* TVRageController.m in Sources */ = {isa = PBXBuildFile; fileRef = 1EB8CACD0EA1AC6C00984CD7 /* TVRageController.m */; };
		1EB8CAFB0EA1ACFB00984CD7 /* TVRageOperation.m in Sources */ = {isa = PBXBuildFile; fileRef = 1EB8CACF0EA1AC6C00984CD7 /* TVRageOperation.m */; };
		1EB8CB080EA1AD7F00984CD7 /* WebKit.framework in Frameworks */ = {isa = PBXBuildFile; fileRef = 1E83CC750E6B74CB00987FC1 /* WebKit.framework */; };
		1EB8CB100EA1B00800984CD7 /* TCCalendarPlugin.xcdatamodel in Sources */ = {isa = PBXBuildFile; fileRef = 1EB8CB0F0EA1B00800984CD7 /* TCCalendarPlugin.xcdatamodel */; };
		2F7446990DB6B7EA00F9684A /* MainMenu.xib in Resources */ = {isa = PBXBuildFile; fileRef = 2F7446970DB6B7EA00F9684A /* MainMenu.xib */; };
		77C8280E06725ACE000B614F /* Technicolor_AppDelegate.m in Sources */ = {isa = PBXBuildFile; fileRef = 77C8280C06725ACE000B614F /* Technicolor_AppDelegate.m */; };
		8D11072B0486CEB800E47090 /* InfoPlist.strings in Resources */ = {isa = PBXBuildFile; fileRef = 089C165CFE840E0CC02AAC07 /* InfoPlist.strings */; };
		8D11072D0486CEB800E47090 /* main.m in Sources */ = {isa = PBXBuildFile; fileRef = 29B97316FDCFA39411CA2CEA /* main.m */; settings = {ATTRIBUTES = (); }; };
		8D11072F0486CEB800E47090 /* Cocoa.framework in Frameworks */ = {isa = PBXBuildFile; fileRef = 1058C7A1FEA54F0111CA2CBB /* Cocoa.framework */; };
/* End PBXBuildFile section */

/* Begin PBXContainerItemProxy section */
		1E23C6510EEFA06700E6C373 /* PBXContainerItemProxy */ = {
			isa = PBXContainerItemProxy;
			containerPortal = 1EA094700EC80715004C7397 /* JSXObjC.xcodeproj */;
			proxyType = 2;
			remoteGlobalIDString = 8DD76FA10486AA7600D96B5E;
			remoteInfo = jsxi;
		};
		1E23C6530EEFA06700E6C373 /* PBXContainerItemProxy */ = {
			isa = PBXContainerItemProxy;
			containerPortal = 1EA094700EC80715004C7397 /* JSXObjC.xcodeproj */;
			proxyType = 2;
			remoteGlobalIDString = 3A6623C20DA7D3A800FEBFAA;
			remoteInfo = JSXlib;
		};
		1E23C6550EEFA06700E6C373 /* PBXContainerItemProxy */ = {
			isa = PBXContainerItemProxy;
			containerPortal = 1EA094700EC80715004C7397 /* JSXObjC.xcodeproj */;
			proxyType = 2;
			remoteGlobalIDString = 3A66254F0DA7D7FD00FEBFAA;
			remoteInfo = JSXObjC;
		};
		1E23C6570EEFA06700E6C373 /* PBXContainerItemProxy */ = {
			isa = PBXContainerItemProxy;
			containerPortal = 1EA094700EC80715004C7397 /* JSXObjC.xcodeproj */;
			proxyType = 2;
			remoteGlobalIDString = 3A6623F00DA7D52700FEBFAA;
			remoteInfo = JSXurtle;
		};
		1E23C6590EEFA06700E6C373 /* PBXContainerItemProxy */ = {
			isa = PBXContainerItemProxy;
			containerPortal = 1EA094700EC80715004C7397 /* JSXObjC.xcodeproj */;
			proxyType = 2;
			remoteGlobalIDString = 3A6F2FC80DF6399700F70283;
			remoteInfo = JSXObjCCoreGraphics;
		};
		1E23C8100EEFA3D800E6C373 /* PBXContainerItemProxy */ = {
			isa = PBXContainerItemProxy;
			containerPortal = 29B97313FDCFA39411CA2CEA /* Project object */;
			proxyType = 1;
			remoteGlobalIDString = 1E5EF99C0EAC33BC006F064E;
			remoteInfo = TCJSPlugin;
		};
		1E5E38660EA2FBA600FD67A3 /* PBXContainerItemProxy */ = {
			isa = PBXContainerItemProxy;
			containerPortal = 29B97313FDCFA39411CA2CEA /* Project object */;
			proxyType = 1;
			remoteGlobalIDString = 1E63689D0EA253590003034E;
			remoteInfo = TCCore;
		};
		1E5E389C0EA2FD4400FD67A3 /* PBXContainerItemProxy */ = {
			isa = PBXContainerItemProxy;
			containerPortal = 29B97313FDCFA39411CA2CEA /* Project object */;
			proxyType = 1;
			remoteGlobalIDString = 1E5E38600EA2FBA100FD67A3;
			remoteInfo = TCProcessingQueuePlugin;
		};
		1E6368B90EA253D60003034E /* PBXContainerItemProxy */ = {
			isa = PBXContainerItemProxy;
			containerPortal = 29B97313FDCFA39411CA2CEA /* Project object */;
			proxyType = 1;
			remoteGlobalIDString = 1E63689D0EA253590003034E;
			remoteInfo = TCCore;
		};
		1E6368BB0EA253DC0003034E /* PBXContainerItemProxy */ = {
			isa = PBXContainerItemProxy;
			containerPortal = 29B97313FDCFA39411CA2CEA /* Project object */;
			proxyType = 1;
			remoteGlobalIDString = 1E63689D0EA253590003034E;
			remoteInfo = TCCore;
		};
		1E6368C00EA253EC0003034E /* PBXContainerItemProxy */ = {
			isa = PBXContainerItemProxy;
			containerPortal = 29B97313FDCFA39411CA2CEA /* Project object */;
			proxyType = 1;
			remoteGlobalIDString = 1E63689D0EA253590003034E;
			remoteInfo = TCCore;
		};
		1E636A790EA29D090003034E /* PBXContainerItemProxy */ = {
			isa = PBXContainerItemProxy;
			containerPortal = 29B97313FDCFA39411CA2CEA /* Project object */;
			proxyType = 1;
			remoteGlobalIDString = 1EB8C9620EA1AB4000984CD7;
			remoteInfo = TCCalendarPlugin;
		};
		1E636A7B0EA29D090003034E /* PBXContainerItemProxy */ = {
			isa = PBXContainerItemProxy;
			containerPortal = 29B97313FDCFA39411CA2CEA /* Project object */;
			proxyType = 1;
			remoteGlobalIDString = 1EB8CADE0EA1ACC300984CD7;
			remoteInfo = TCTVRagePlugin;
		};
		1E6C75CB0EE652400099140B /* PBXContainerItemProxy */ = {
			isa = PBXContainerItemProxy;
			containerPortal = 29B97313FDCFA39411CA2CEA /* Project object */;
			proxyType = 1;
			remoteGlobalIDString = 1E6C75970EE651F80099140B;
			remoteInfo = TCCoreUI;
		};
		1E6C76F70EE66FA10099140B /* PBXContainerItemProxy */ = {
			isa = PBXContainerItemProxy;
			containerPortal = 29B97313FDCFA39411CA2CEA /* Project object */;
			proxyType = 1;
			remoteGlobalIDString = 1E63689D0EA253590003034E;
			remoteInfo = TCCore;
		};
/* End PBXContainerItemProxy section */

/* Begin PBXCopyFilesBuildPhase section */
		1E5E38950EA2FC1F00FD67A3 /* Copy Frameworks */ = {
			isa = PBXCopyFilesBuildPhase;
			buildActionMask = 2147483647;
			dstPath = "";
			dstSubfolderSpec = 10;
			files = (
				1E5E38810EA2FC1200FD67A3 /* TCCore.framework in Copy Frameworks */,
				1E6C75FC0EE653EB0099140B /* TCCoreUI.framework in Copy Frameworks */,
			);
			name = "Copy Frameworks";
			runOnlyForDeploymentPostprocessing = 0;
		};
		1EA094980EC8075F004C7397 /* Copy Frameworks */ = {
			isa = PBXCopyFilesBuildPhase;
			buildActionMask = 2147483647;
			dstPath = "";
			dstSubfolderSpec = 10;
			files = (
				1E23C8080EEFA3A100E6C373 /* JSXObjC.framework in Copy Frameworks */,
			);
			name = "Copy Frameworks";
			runOnlyForDeploymentPostprocessing = 0;
		};
/* End PBXCopyFilesBuildPhase section */

/* Begin PBXFileReference section */
		089C165DFE840E0CC02AAC07 /* English */ = {isa = PBXFileReference; fileEncoding = 10; lastKnownFileType = text.plist.strings; name = English; path = English.lproj/InfoPlist.strings; sourceTree = "<group>"; };
		1058C7A1FEA54F0111CA2CBB /* Cocoa.framework */ = {isa = PBXFileReference; lastKnownFileType = wrapper.framework; name = Cocoa.framework; path = /System/Library/Frameworks/Cocoa.framework; sourceTree = "<absolute>"; };
		1E10D8060E6C459900C69D38 /* TCProcessingQueueController.h */ = {isa = PBXFileReference; fileEncoding = 4; lastKnownFileType = sourcecode.c.h; path = TCProcessingQueueController.h; sourceTree = "<group>"; };
		1E10D8070E6C459900C69D38 /* TCProcessingQueueController.m */ = {isa = PBXFileReference; fileEncoding = 4; lastKnownFileType = sourcecode.c.objc; path = TCProcessingQueueController.m; sourceTree = "<group>"; };
		1E23C75A0EEFA2F600E6C373 /* JSXObjC.h */ = {isa = PBXFileReference; fileEncoding = 4; lastKnownFileType = sourcecode.c.h; name = JSXObjC.h; path = ../../../Packages/jsxobjc/source/JSXore/JSXObjC.h; sourceTree = SOURCE_ROOT; };
		1E23C75B0EEFA2F600E6C373 /* JSXObjCWrappers.h */ = {isa = PBXFileReference; fileEncoding = 4; lastKnownFileType = sourcecode.c.h; name = JSXObjCWrappers.h; path = ../../../Packages/jsxobjc/source/JSXore/JSXObjCWrappers.h; sourceTree = SOURCE_ROOT; };
		1E23C75C0EEFA2F600E6C373 /* JSXObjCObject.h */ = {isa = PBXFileReference; fileEncoding = 4; lastKnownFileType = sourcecode.c.h; name = JSXObjCObject.h; path = ../../../Packages/jsxobjc/source/JSXore/JSXObjCObject.h; sourceTree = SOURCE_ROOT; };
		1E23C75D0EEFA2F600E6C373 /* JSXObjCInterpreter.h */ = {isa = PBXFileReference; fileEncoding = 4; lastKnownFileType = sourcecode.c.h; name = JSXObjCInterpreter.h; path = ../../../Packages/jsxobjc/source/JSXore/JSXObjCInterpreter.h; sourceTree = SOURCE_ROOT; };
		1E23C75E0EEFA2F600E6C373 /* JSXObjCBridgeFileHandle.h */ = {isa = PBXFileReference; fileEncoding = 4; lastKnownFileType = sourcecode.c.h; name = JSXObjCBridgeFileHandle.h; path = ../../../Packages/jsxobjc/source/Libraries/JSXObjCBridgeFileHandle.h; sourceTree = SOURCE_ROOT; };
		1E23C75F0EEFA2F600E6C373 /* JSXObjCBridgeMemoryBuffer.h */ = {isa = PBXFileReference; fileEncoding = 4; lastKnownFileType = sourcecode.c.h; name = JSXObjCBridgeMemoryBuffer.h; path = ../../../Packages/jsxobjc/source/Libraries/JSXObjCBridgeMemoryBuffer.h; sourceTree = SOURCE_ROOT; };
		1E23C7600EEFA2F600E6C373 /* JSXObjCBridgeObject.h */ = {isa = PBXFileReference; fileEncoding = 4; lastKnownFileType = sourcecode.c.h; name = JSXObjCBridgeObject.h; path = ../../../Packages/jsxobjc/source/JSXore/JSXObjCBridgeObject.h; sourceTree = SOURCE_ROOT; };
		1E23C7610EEFA2F600E6C373 /* JSXObjCException.h */ = {isa = PBXFileReference; fileEncoding = 4; lastKnownFileType = sourcecode.c.h; name = JSXObjCException.h; path = ../../../Packages/jsxobjc/source/JSXore/JSXObjCException.h; sourceTree = SOURCE_ROOT; };
		1E23C7620EEFA2F600E6C373 /* JSXObjCInteractive.h */ = {isa = PBXFileReference; fileEncoding = 4; lastKnownFileType = sourcecode.c.h; name = JSXObjCInteractive.h; path = ../../../Packages/jsxobjc/source/JSXore/JSXObjCInteractive.h; sourceTree = SOURCE_ROOT; };
		1E23C7630EEFA2F600E6C373 /* JSXObjCLib.h */ = {isa = PBXFileReference; fileEncoding = 4; lastKnownFileType = sourcecode.c.h; name = JSXObjCLib.h; path = ../../../Packages/jsxobjc/source/JSXore/JSXObjCLib.h; sourceTree = SOURCE_ROOT; };
		1E23C7640EEFA2F600E6C373 /* JSXObjCCocoa.h */ = {isa = PBXFileReference; fileEncoding = 4; lastKnownFileType = sourcecode.c.h; name = JSXObjCCocoa.h; path = ../../../Packages/jsxobjc/source/JSObjC/JSXObjCCocoa.h; sourceTree = SOURCE_ROOT; };
		1E23C7650EEFA2F600E6C373 /* JSXObjCPackage.h */ = {isa = PBXFileReference; fileEncoding = 4; lastKnownFileType = sourcecode.c.h; name = JSXObjCPackage.h; path = ../../../Packages/jsxobjc/source/JSXore/JSXObjCPackage.h; sourceTree = SOURCE_ROOT; };
		1E23C7660EEFA2F600E6C373 /* JSXObjCPackageStdIO.h */ = {isa = PBXFileReference; fileEncoding = 4; lastKnownFileType = sourcecode.c.h; name = JSXObjCPackageStdIO.h; path = ../../../Packages/jsxobjc/source/Libraries/JSXObjCPackageStdIO.h; sourceTree = SOURCE_ROOT; };
		1E23C7670EEFA2F600E6C373 /* JSXObjCPackageSys.h */ = {isa = PBXFileReference; fileEncoding = 4; lastKnownFileType = sourcecode.c.h; name = JSXObjCPackageSys.h; path = ../../../Packages/jsxobjc/source/Libraries/JSXObjCPackageSys.h; sourceTree = SOURCE_ROOT; };
		1E23C7680EEFA2F600E6C373 /* JSXurtleApp.h */ = {isa = PBXFileReference; fileEncoding = 4; lastKnownFileType = sourcecode.c.h; name = JSXurtleApp.h; path = ../../../Packages/jsxobjc/source/Apps/jsxurtle/JSXurtleApp.h; sourceTree = SOURCE_ROOT; };
		1E23C7690EEFA2F600E6C373 /* JSXObjCEditor.h */ = {isa = PBXFileReference; fileEncoding = 4; lastKnownFileType = sourcecode.c.h; name = JSXObjCEditor.h; path = ../../../Packages/jsxobjc/source/Utils/JSXObjCEditor.h; sourceTree = SOURCE_ROOT; };
		1E23C76A0EEFA2F600E6C373 /* JSXObjCTypes.h */ = {isa = PBXFileReference; fileEncoding = 4; lastKnownFileType = sourcecode.c.h; name = JSXObjCTypes.h; path = ../../../Packages/jsxobjc/source/JSXore/JSXObjCTypes.h; sourceTree = SOURCE_ROOT; };
		1E23C76B0EEFA2F600E6C373 /* JSXObjCInternal.h */ = {isa = PBXFileReference; fileEncoding = 4; lastKnownFileType = sourcecode.c.h; name = JSXObjCInternal.h; path = ../../../Packages/jsxobjc/source/JSXore/JSXObjCInternal.h; sourceTree = SOURCE_ROOT; };
		1E23C76C0EEFA2F600E6C373 /* JSXObjCSourceUtil.h */ = {isa = PBXFileReference; fileEncoding = 4; lastKnownFileType = sourcecode.c.h; name = JSXObjCSourceUtil.h; path = ../../../Packages/jsxobjc/source/Utils/JSXObjCSourceUtil.h; sourceTree = SOURCE_ROOT; };
		1E23C76D0EEFA2F600E6C373 /* JSXObjCInvocation.h */ = {isa = PBXFileReference; fileEncoding = 4; lastKnownFileType = sourcecode.c.h; name = JSXObjCInvocation.h; path = ../../../Packages/jsxobjc/source/JSXore/JSXObjCInvocation.h; sourceTree = SOURCE_ROOT; };
		1E23C82C0EEFA5FC00E6C373 /* TCJSInterpreterController.h */ = {isa = PBXFileReference; fileEncoding = 4; lastKnownFileType = sourcecode.c.h; path = TCJSInterpreterController.h; sourceTree = "<group>"; };
		1E23C82D0EEFA5FC00E6C373 /* TCJSInterpreterController.m */ = {isa = PBXFileReference; fileEncoding = 4; lastKnownFileType = sourcecode.c.objc; path = TCJSInterpreterController.m; sourceTree = "<group>"; };
		1E23C82F0EEFA6C300E6C373 /* TCJSInterpreter.xib */ = {isa = PBXFileReference; lastKnownFileType = file.xib; path = TCJSInterpreter.xib; sourceTree = "<group>"; };
		1E38446E0ED7D58400DD6F43 /* Foundation.framework */ = {isa = PBXFileReference; lastKnownFileType = wrapper.framework; name = Foundation.framework; path = System/Library/Frameworks/Foundation.framework; sourceTree = SDKROOT; };
		1E3845F40ED8BEDF00DD6F43 /* TCRegex.h */ = {isa = PBXFileReference; fileEncoding = 4; lastKnownFileType = sourcecode.c.h; path = TCRegex.h; sourceTree = "<group>"; };
		1E3845F50ED8BEDF00DD6F43 /* TCRegex.m */ = {isa = PBXFileReference; fileEncoding = 4; lastKnownFileType = sourcecode.c.objc; path = TCRegex.m; sourceTree = "<group>"; };
		1E38470A0ED8C72D00DD6F43 /* Technicolor_DataModel.xcdatamodel */ = {isa = PBXFileReference; fileEncoding = 4; lastKnownFileType = wrapper.xcdatamodel; path = Technicolor_DataModel.xcdatamodel; sourceTree = "<group>"; };
		1E3BA36A0E8F070200585E21 /* CalendarStore.framework */ = {isa = PBXFileReference; lastKnownFileType = wrapper.framework; name = CalendarStore.framework; path = System/Library/Frameworks/CalendarStore.framework; sourceTree = SDKROOT; };
		1E4916130EABFB76005CEC4F /* Technicolor.h */ = {isa = PBXFileReference; fileEncoding = 4; lastKnownFileType = sourcecode.c.h; path = Technicolor.h; sourceTree = "<group>"; };
		1E49162D0EABFBF3005CEC4F /* CoreFoundation.framework */ = {isa = PBXFileReference; lastKnownFileType = wrapper.framework; name = CoreFoundation.framework; path = System/Library/Frameworks/CoreFoundation.framework; sourceTree = SDKROOT; };
		1E50D7D50E5010ED00BDA918 /* English */ = {isa = PBXFileReference; lastKnownFileType = wrapper.nib; name = English; path = English.lproj/Wizard.nib; sourceTree = "<group>"; };
		1E5E38610EA2FBA100FD67A3 /* TCProcessingQueuePlugin.tcplugin */ = {isa = PBXFileReference; explicitFileType = wrapper.cfbundle; includeInIndex = 0; path = TCProcessingQueuePlugin.tcplugin; sourceTree = BUILT_PRODUCTS_DIR; };
		1E5E38620EA2FBA100FD67A3 /* TCProcessingQueuePlugin-Info.plist */ = {isa = PBXFileReference; lastKnownFileType = text.plist.xml; name = "TCProcessingQueuePlugin-Info.plist"; path = "../../../../Resources/Plugins/TCProcessingQueuePlugin-Info.plist"; sourceTree = "<group>"; };
		1E5E38690EA2FBB700FD67A3 /* CoreData.framework */ = {isa = PBXFileReference; lastKnownFileType = wrapper.framework; name = CoreData.framework; path = System/Library/Frameworks/CoreData.framework; sourceTree = SDKROOT; };
		1E5E38730EA2FBD400FD67A3 /* TCProcessingQueuePlugin.h */ = {isa = PBXFileReference; fileEncoding = 4; lastKnownFileType = sourcecode.c.h; path = TCProcessingQueuePlugin.h; sourceTree = "<group>"; };
		1E5E38740EA2FBD400FD67A3 /* TCProcessingQueuePlugin.m */ = {isa = PBXFileReference; fileEncoding = 4; lastKnownFileType = sourcecode.c.objc; path = TCProcessingQueuePlugin.m; sourceTree = "<group>"; };
		1E5EF99D0EAC33BC006F064E /* TCJSPlugin.tcplugin */ = {isa = PBXFileReference; explicitFileType = wrapper.cfbundle; includeInIndex = 0; path = TCJSPlugin.tcplugin; sourceTree = BUILT_PRODUCTS_DIR; };
		1E5EF99E0EAC33BC006F064E /* TCJSPlugin-Info.plist */ = {isa = PBXFileReference; lastKnownFileType = text.plist.xml; name = "TCJSPlugin-Info.plist"; path = "../../../../Resources/Plugins/TCJSPlugin-Info.plist"; sourceTree = "<group>"; };
		1E5EFA450EAC33F8006F064E /* JavaScriptCore.framework */ = {isa = PBXFileReference; lastKnownFileType = wrapper.framework; name = JavaScriptCore.framework; path = /System/Library/Frameworks/JavaScriptCore.framework; sourceTree = "<absolute>"; };
		1E5EFA620EAC363F006F064E /* TCJSPlugin.h */ = {isa = PBXFileReference; fileEncoding = 4; lastKnownFileType = sourcecode.c.h; path = TCJSPlugin.h; sourceTree = "<group>"; };
		1E5EFA630EAC363F006F064E /* TCJSPlugin.m */ = {isa = PBXFileReference; fileEncoding = 4; lastKnownFileType = sourcecode.c.objc; path = TCJSPlugin.m; sourceTree = "<group>"; };
		1E63689E0EA253590003034E /* TCCore.framework */ = {isa = PBXFileReference; explicitFileType = wrapper.framework; includeInIndex = 0; path = TCCore.framework; sourceTree = BUILT_PRODUCTS_DIR; };
		1E63689F0EA253590003034E /* TCCore-Info.plist */ = {isa = PBXFileReference; lastKnownFileType = text.plist.xml; path = "TCCore-Info.plist"; sourceTree = "<group>"; };
		1E6369180EA25A3C0003034E /* TCDownload.h */ = {isa = PBXFileReference; fileEncoding = 4; lastKnownFileType = sourcecode.c.h; path = TCDownload.h; sourceTree = "<group>"; };
		1E6369190EA25A3C0003034E /* TCDownload.m */ = {isa = PBXFileReference; fileEncoding = 4; lastKnownFileType = sourcecode.c.objc; path = TCDownload.m; sourceTree = "<group>"; };
		1E63692B0EA26EE60003034E /* TCOrganizationPlugin.h */ = {isa = PBXFileReference; fileEncoding = 4; lastKnownFileType = sourcecode.c.h; path = TCOrganizationPlugin.h; sourceTree = "<group>"; };
		1E63692C0EA26EE60003034E /* TCOrganizationPlugin.m */ = {isa = PBXFileReference; fileEncoding = 4; lastKnownFileType = sourcecode.c.objc; path = TCOrganizationPlugin.m; sourceTree = "<group>"; };
		1E63692F0EA270970003034E /* TCCalendarPlugin.h */ = {isa = PBXFileReference; fileEncoding = 4; lastKnownFileType = sourcecode.c.h; path = TCCalendarPlugin.h; sourceTree = "<group>"; };
		1E6369300EA270970003034E /* TCCalendarPlugin.m */ = {isa = PBXFileReference; fileEncoding = 4; lastKnownFileType = sourcecode.c.objc; path = TCCalendarPlugin.m; sourceTree = "<group>"; };
		1E6369320EA270CC0003034E /* TCTVRagePlugin.h */ = {isa = PBXFileReference; fileEncoding = 4; lastKnownFileType = sourcecode.c.h; path = TCTVRagePlugin.h; sourceTree = "<group>"; };
		1E6369330EA270CC0003034E /* TCTVRagePlugin.m */ = {isa = PBXFileReference; fileEncoding = 4; lastKnownFileType = sourcecode.c.objc; path = TCTVRagePlugin.m; sourceTree = "<group>"; };
		1E6369880EA2736E0003034E /* TCOrganizationPluginManager.h */ = {isa = PBXFileReference; fileEncoding = 4; lastKnownFileType = sourcecode.c.h; path = TCOrganizationPluginManager.h; sourceTree = "<group>"; };
		1E6369890EA2736E0003034E /* TCOrganizationPluginManager.m */ = {isa = PBXFileReference; fileEncoding = 4; lastKnownFileType = sourcecode.c.objc; path = TCOrganizationPluginManager.m; sourceTree = "<group>"; };
		1E636A000EA290200003034E /* TCCoreUtils.h */ = {isa = PBXFileReference; fileEncoding = 4; lastKnownFileType = sourcecode.c.h; path = TCCoreUtils.h; sourceTree = "<group>"; };
		1E636A010EA290200003034E /* TCCoreUtils.m */ = {isa = PBXFileReference; fileEncoding = 4; lastKnownFileType = sourcecode.c.objc; path = TCCoreUtils.m; sourceTree = "<group>"; };
		1E636A550EA29B030003034E /* TCTVShowView.nib */ = {isa = PBXFileReference; lastKnownFileType = wrapper.nib; name = TCTVShowView.nib; path = Resources/App/English.lproj/TCTVShowView.nib; sourceTree = "<group>"; };
		1E636A710EA29CA10003034E /* whitebar-bg.png */ = {isa = PBXFileReference; lastKnownFileType = image.png; path = "whitebar-bg.png"; sourceTree = "<group>"; };
		1E6C75B90EE651F80099140B /* TCCoreUI.framework */ = {isa = PBXFileReference; explicitFileType = wrapper.framework; includeInIndex = 0; path = TCCoreUI.framework; sourceTree = BUILT_PRODUCTS_DIR; };
		1E6C75BC0EE651F80099140B /* TCCoreUI-Info.plist */ = {isa = PBXFileReference; lastKnownFileType = text.plist.xml; path = "TCCoreUI-Info.plist"; sourceTree = "<group>"; };
		1E6C75BE0EE652090099140B /* AppKit.framework */ = {isa = PBXFileReference; lastKnownFileType = wrapper.framework; name = AppKit.framework; path = System/Library/Frameworks/AppKit.framework; sourceTree = SDKROOT; };
		1E6C75F70EE653DB0099140B /* TCMasterDetailCell.h */ = {isa = PBXFileReference; fileEncoding = 4; lastKnownFileType = sourcecode.c.h; path = TCMasterDetailCell.h; sourceTree = "<group>"; };
		1E6C75F80EE653DB0099140B /* TCMasterDetailCell.m */ = {isa = PBXFileReference; fileEncoding = 4; lastKnownFileType = sourcecode.c.objc; path = TCMasterDetailCell.m; sourceTree = "<group>"; };
		1E6C767E0EE660A50099140B /* TCVideoFile+PreviewImage.h */ = {isa = PBXFileReference; fileEncoding = 4; lastKnownFileType = sourcecode.c.h; path = "TCVideoFile+PreviewImage.h"; sourceTree = "<group>"; };
		1E6C767F0EE660A50099140B /* TCVideoFile+PreviewImage.m */ = {isa = PBXFileReference; fileEncoding = 4; lastKnownFileType = sourcecode.c.objc; path = "TCVideoFile+PreviewImage.m"; sourceTree = "<group>"; };
		1E6C76850EE660F40099140B /* QuickLook.framework */ = {isa = PBXFileReference; lastKnownFileType = wrapper.framework; name = QuickLook.framework; path = System/Library/Frameworks/QuickLook.framework; sourceTree = SDKROOT; };
		1E735ADF0E5159D9004FAD1A /* libpng.dylib */ = {isa = PBXFileReference; lastKnownFileType = "compiled.mach-o.dylib"; name = libpng.dylib; path = usr/local/lib/libpng.dylib; sourceTree = SDKROOT; };
		1E83CC750E6B74CB00987FC1 /* WebKit.framework */ = {isa = PBXFileReference; lastKnownFileType = wrapper.framework; name = WebKit.framework; path = System/Library/Frameworks/WebKit.framework; sourceTree = SDKROOT; };
		1E95DBF70E57BD9600B6A7E9 /* TCTVShowController.h */ = {isa = PBXFileReference; fileEncoding = 4; lastKnownFileType = sourcecode.c.h; path = TCTVShowController.h; sourceTree = "<group>"; };
		1E95DBF80E57BD9600B6A7E9 /* TCTVShowController.m */ = {isa = PBXFileReference; fileEncoding = 4; lastKnownFileType = sourcecode.c.objc; path = TCTVShowController.m; sourceTree = "<group>"; };
		1EA094700EC80715004C7397 /* JSXObjC.xcodeproj */ = {isa = PBXFileReference; lastKnownFileType = "wrapper.pb-project"; name = JSXObjC.xcodeproj; path = ../../../Packages/jsxobjc/JSXObjC.xcodeproj; sourceTree = SOURCE_ROOT; };
		1EB8C94A0EA1AAA500984CD7 /* TCMovie.h */ = {isa = PBXFileReference; fileEncoding = 4; lastKnownFileType = sourcecode.c.h; path = TCMovie.h; sourceTree = "<group>"; };
		1EB8C94B0EA1AAA500984CD7 /* TCMovie.m */ = {isa = PBXFileReference; fileEncoding = 4; lastKnownFileType = sourcecode.c.objc; path = TCMovie.m; sourceTree = "<group>"; };
		1EB8C94C0EA1AAA500984CD7 /* TCMovieVideo.h */ = {isa = PBXFileReference; fileEncoding = 4; lastKnownFileType = sourcecode.c.h; path = TCMovieVideo.h; sourceTree = "<group>"; };
		1EB8C94D0EA1AAA500984CD7 /* TCMovieVideo.m */ = {isa = PBXFileReference; fileEncoding = 4; lastKnownFileType = sourcecode.c.objc; path = TCMovieVideo.m; sourceTree = "<group>"; };
		1EB8C94E0EA1AAA500984CD7 /* TCTVEpisode.h */ = {isa = PBXFileReference; fileEncoding = 4; lastKnownFileType = sourcecode.c.h; path = TCTVEpisode.h; sourceTree = "<group>"; };
		1EB8C94F0EA1AAA500984CD7 /* TCTVEpisode.m */ = {isa = PBXFileReference; fileEncoding = 4; lastKnownFileType = sourcecode.c.objc; path = TCTVEpisode.m; sourceTree = "<group>"; };
		1EB8C9500EA1AAA500984CD7 /* TCTVShow.h */ = {isa = PBXFileReference; fileEncoding = 4; lastKnownFileType = sourcecode.c.h; path = TCTVShow.h; sourceTree = "<group>"; };
		1EB8C9510EA1AAA500984CD7 /* TCTVShow.m */ = {isa = PBXFileReference; fileEncoding = 4; lastKnownFileType = sourcecode.c.objc; path = TCTVShow.m; sourceTree = "<group>"; };
		1EB8C9520EA1AAA500984CD7 /* TCVideo.h */ = {isa = PBXFileReference; fileEncoding = 4; lastKnownFileType = sourcecode.c.h; path = TCVideo.h; sourceTree = "<group>"; };
		1EB8C9530EA1AAA500984CD7 /* TCVideo.m */ = {isa = PBXFileReference; fileEncoding = 4; lastKnownFileType = sourcecode.c.objc; path = TCVideo.m; sourceTree = "<group>"; };
		1EB8C9540EA1AAA500984CD7 /* TCVideoFile.h */ = {isa = PBXFileReference; fileEncoding = 4; lastKnownFileType = sourcecode.c.h; path = TCVideoFile.h; sourceTree = "<group>"; };
		1EB8C9550EA1AAA500984CD7 /* TCVideoFile.m */ = {isa = PBXFileReference; fileEncoding = 4; lastKnownFileType = sourcecode.c.objc; path = TCVideoFile.m; sourceTree = "<group>"; };
		1EB8C9630EA1AB4000984CD7 /* TCCalendarPlugin.tcplugin */ = {isa = PBXFileReference; explicitFileType = wrapper.cfbundle; includeInIndex = 0; path = TCCalendarPlugin.tcplugin; sourceTree = BUILT_PRODUCTS_DIR; };
		1EB8C9640EA1AB4000984CD7 /* TCCalendarPlugin-Info.plist */ = {isa = PBXFileReference; lastKnownFileType = text.plist.xml; name = "TCCalendarPlugin-Info.plist"; path = "../../../../Resources/Plugins/TCCalendarPlugin-Info.plist"; sourceTree = "<group>"; };
		1EB8CAC40EA1AC2500984CD7 /* TCCalendar.h */ = {isa = PBXFileReference; fileEncoding = 4; lastKnownFileType = sourcecode.c.h; path = TCCalendar.h; sourceTree = "<group>"; };
		1EB8CAC50EA1AC2500984CD7 /* TCCalendar.m */ = {isa = PBXFileReference; fileEncoding = 4; lastKnownFileType = sourcecode.c.objc; path = TCCalendar.m; sourceTree = "<group>"; };
		1EB8CAC60EA1AC2500984CD7 /* TCCalendarEvent.h */ = {isa = PBXFileReference; fileEncoding = 4; lastKnownFileType = sourcecode.c.h; path = TCCalendarEvent.h; sourceTree = "<group>"; };
		1EB8CAC70EA1AC2500984CD7 /* TCCalendarEvent.m */ = {isa = PBXFileReference; fileEncoding = 4; lastKnownFileType = sourcecode.c.objc; path = TCCalendarEvent.m; sourceTree = "<group>"; };
		1EB8CACB0EA1AC6C00984CD7 /* TCTVRageImports.h */ = {isa = PBXFileReference; fileEncoding = 4; lastKnownFileType = sourcecode.c.h; path = TCTVRageImports.h; sourceTree = "<group>"; };
		1EB8CACC0EA1AC6C00984CD7 /* TVRageController.h */ = {isa = PBXFileReference; fileEncoding = 4; lastKnownFileType = sourcecode.c.h; path = TVRageController.h; sourceTree = "<group>"; };
		1EB8CACD0EA1AC6C00984CD7 /* TVRageController.m */ = {isa = PBXFileReference; fileEncoding = 4; lastKnownFileType = sourcecode.c.objc; path = TVRageController.m; sourceTree = "<group>"; };
		1EB8CACE0EA1AC6C00984CD7 /* TVRageOperation.h */ = {isa = PBXFileReference; fileEncoding = 4; lastKnownFileType = sourcecode.c.h; path = TVRageOperation.h; sourceTree = "<group>"; };
		1EB8CACF0EA1AC6C00984CD7 /* TVRageOperation.m */ = {isa = PBXFileReference; fileEncoding = 4; lastKnownFileType = sourcecode.c.objc; path = TVRageOperation.m; sourceTree = "<group>"; };
		1EB8CADF0EA1ACC300984CD7 /* TCTVRagePlugin.tcplugin */ = {isa = PBXFileReference; explicitFileType = wrapper.cfbundle; includeInIndex = 0; path = TCTVRagePlugin.tcplugin; sourceTree = BUILT_PRODUCTS_DIR; };
		1EB8CAE00EA1ACC300984CD7 /* TCTVRagePlugin-Info.plist */ = {isa = PBXFileReference; lastKnownFileType = text.plist.xml; name = "TCTVRagePlugin-Info.plist"; path = "../../../../Resources/Plugins/TCTVRagePlugin-Info.plist"; sourceTree = "<group>"; };
		1EB8CB0F0EA1B00800984CD7 /* TCCalendarPlugin.xcdatamodel */ = {isa = PBXFileReference; fileEncoding = 4; lastKnownFileType = wrapper.xcdatamodel; path = TCCalendarPlugin.xcdatamodel; sourceTree = "<group>"; };
		1EE3EE750E53CF590099684C /* libz.1.2.3.dylib */ = {isa = PBXFileReference; lastKnownFileType = "compiled.mach-o.dylib"; name = libz.1.2.3.dylib; path = usr/lib/libz.1.2.3.dylib; sourceTree = SDKROOT; };
		1EE3EE890E53D0470099684C /* libbz2.1.0.4.dylib */ = {isa = PBXFileReference; lastKnownFileType = "compiled.mach-o.dylib"; name = libbz2.1.0.4.dylib; path = usr/lib/libbz2.1.0.4.dylib; sourceTree = SDKROOT; };
		29B97316FDCFA39411CA2CEA /* main.m */ = {isa = PBXFileReference; fileEncoding = 4; lastKnownFileType = sourcecode.c.objc; path = main.m; sourceTree = "<group>"; };
		29B97324FDCFA39411CA2CEA /* AppKit.framework */ = {isa = PBXFileReference; lastKnownFileType = wrapper.framework; name = AppKit.framework; path = /System/Library/Frameworks/AppKit.framework; sourceTree = "<absolute>"; };
		29B97325FDCFA39411CA2CEA /* Foundation.framework */ = {isa = PBXFileReference; lastKnownFileType = wrapper.framework; name = Foundation.framework; path = /System/Library/Frameworks/Foundation.framework; sourceTree = "<absolute>"; };
		2F7446980DB6B7EA00F9684A /* English */ = {isa = PBXFileReference; lastKnownFileType = file.xib; name = English; path = English.lproj/MainMenu.xib; sourceTree = "<group>"; };
		32CA4F630368D1EE00C91783 /* Technicolor_Prefix.pch */ = {isa = PBXFileReference; fileEncoding = 4; lastKnownFileType = sourcecode.c.h; path = Technicolor_Prefix.pch; sourceTree = "<group>"; };
		77C82804067257F0000B614F /* CoreData.framework */ = {isa = PBXFileReference; lastKnownFileType = wrapper.framework; name = CoreData.framework; path = /System/Library/Frameworks/CoreData.framework; sourceTree = "<absolute>"; };
		77C8280B06725ACE000B614F /* Technicolor_AppDelegate.h */ = {isa = PBXFileReference; fileEncoding = 4; lastKnownFileType = sourcecode.c.h; path = Technicolor_AppDelegate.h; sourceTree = "<group>"; };
		77C8280C06725ACE000B614F /* Technicolor_AppDelegate.m */ = {isa = PBXFileReference; fileEncoding = 4; lastKnownFileType = sourcecode.c.objc; path = Technicolor_AppDelegate.m; sourceTree = "<group>"; };
		8D1107310486CEB800E47090 /* Info.plist */ = {isa = PBXFileReference; fileEncoding = 4; lastKnownFileType = text.plist; path = Info.plist; sourceTree = "<group>"; };
		8D1107320486CEB800E47090 /* Technicolor.app */ = {isa = PBXFileReference; explicitFileType = wrapper.application; includeInIndex = 0; path = Technicolor.app; sourceTree = BUILT_PRODUCTS_DIR; };
/* End PBXFileReference section */

/* Begin PBXFrameworksBuildPhase section */
		1E5E385F0EA2FBA100FD67A3 /* Frameworks */ = {
			isa = PBXFrameworksBuildPhase;
			buildActionMask = 2147483647;
			files = (
				1E5E38680EA2FBB700FD67A3 /* TCCore.framework in Frameworks */,
				1E5E386A0EA2FBB700FD67A3 /* CoreData.framework in Frameworks */,
			);
			runOnlyForDeploymentPostprocessing = 0;
		};
		1E5EF99B0EAC33BC006F064E /* Frameworks */ = {
			isa = PBXFrameworksBuildPhase;
			buildActionMask = 2147483647;
			files = (
				1E5EFB5C0EAC3799006F064E /* Foundation.framework in Frameworks */,
				1E5EFB5A0EAC3792006F064E /* TCCore.framework in Frameworks */,
			);
			runOnlyForDeploymentPostprocessing = 0;
		};
		1E63689C0EA253590003034E /* Frameworks */ = {
			isa = PBXFrameworksBuildPhase;
			buildActionMask = 2147483647;
			files = (
				1E5EFB010EAC36C4006F064E /* CoreFoundation.framework in Frameworks */,
				1E6368B60EA253CC0003034E /* CoreData.framework in Frameworks */,
				1E6368B70EA253CC0003034E /* Foundation.framework in Frameworks */,
			);
			runOnlyForDeploymentPostprocessing = 0;
		};
		1E6C75B20EE651F80099140B /* Frameworks */ = {
			isa = PBXFrameworksBuildPhase;
			buildActionMask = 2147483647;
			files = (
				1E6C75D90EE6527A0099140B /* TCCore.framework in Frameworks */,
				1E6C75B30EE651F80099140B /* CoreFoundation.framework in Frameworks */,
				1E6C75B40EE651F80099140B /* CoreData.framework in Frameworks */,
				1E6C75B50EE651F80099140B /* Foundation.framework in Frameworks */,
				1E6C75BF0EE652090099140B /* AppKit.framework in Frameworks */,
				1E6C76860EE660F40099140B /* QuickLook.framework in Frameworks */,
			);
			runOnlyForDeploymentPostprocessing = 0;
		};
		1EB8C9610EA1AB4000984CD7 /* Frameworks */ = {
			isa = PBXFrameworksBuildPhase;
			buildActionMask = 2147483647;
			files = (
				1EB8CAB10EA1ABDC00984CD7 /* Cocoa.framework in Frameworks */,
				1EB8CAB20EA1ABDC00984CD7 /* CoreData.framework in Frameworks */,
				1EB8CAB30EA1ABDC00984CD7 /* Foundation.framework in Frameworks */,
				1EB8CAB40EA1ABDC00984CD7 /* AppKit.framework in Frameworks */,
				1EB8CAB50EA1ABDC00984CD7 /* CalendarStore.framework in Frameworks */,
				1E6368BD0EA253E00003034E /* TCCore.framework in Frameworks */,
			);
			runOnlyForDeploymentPostprocessing = 0;
		};
		1EB8CADD0EA1ACC300984CD7 /* Frameworks */ = {
			isa = PBXFrameworksBuildPhase;
			buildActionMask = 2147483647;
			files = (
				1E6367DA0EA252DD0003034E /* Cocoa.framework in Frameworks */,
				1E6367DB0EA252DD0003034E /* CoreData.framework in Frameworks */,
				1E6367DC0EA252DD0003034E /* Foundation.framework in Frameworks */,
				1E6367DD0EA252DD0003034E /* AppKit.framework in Frameworks */,
				1EB8CB080EA1AD7F00984CD7 /* WebKit.framework in Frameworks */,
				1E6368BF0EA253EA0003034E /* TCCore.framework in Frameworks */,
			);
			runOnlyForDeploymentPostprocessing = 0;
		};
		8D11072E0486CEB800E47090 /* Frameworks */ = {
			isa = PBXFrameworksBuildPhase;
			buildActionMask = 2147483647;
			files = (
				1E83CCD80E6B890D00987FC1 /* libpng.dylib in Frameworks */,
				1E83CCD90E6B890D00987FC1 /* libz.1.2.3.dylib in Frameworks */,
				1E83CCDA0E6B890D00987FC1 /* libbz2.1.0.4.dylib in Frameworks */,
				1E6368A50EA253740003034E /* CoreData.framework in Frameworks */,
				1E6C76220EE657B60099140B /* TCCoreUI.framework in Frameworks */,
				1E6368A60EA253740003034E /* Foundation.framework in Frameworks */,
				1E6368A70EA253740003034E /* AppKit.framework in Frameworks */,
				8D11072F0486CEB800E47090 /* Cocoa.framework in Frameworks */,
				1E83CC760E6B74CB00987FC1 /* WebKit.framework in Frameworks */,
				1E6368A30EA253670003034E /* TCCore.framework in Frameworks */,
			);
			runOnlyForDeploymentPostprocessing = 0;
		};
/* End PBXFrameworksBuildPhase section */

/* Begin PBXGroup section */
		080E96DDFE201D6D7F000001 /* Classes */ = {
			isa = PBXGroup;
			children = (
				1E6C75770EE651250099140B /* UI */,
				1E6369150EA2592C0003034E /* App */,
				1E63690F0EA2591D0003034E /* TCCore */,
				1EB8C9320EA1A9D500984CD7 /* Plugins */,
			);
			path = Classes;
			sourceTree = "<group>";
		};
		1058C7A0FEA54F0111CA2CBB /* Frameworks */ = {
			isa = PBXGroup;
			children = (
				1E5E38690EA2FBB700FD67A3 /* CoreData.framework */,
				1E49162D0EABFBF3005CEC4F /* CoreFoundation.framework */,
				1E5EFA450EAC33F8006F064E /* JavaScriptCore.framework */,
				1E83CC750E6B74CB00987FC1 /* WebKit.framework */,
				1E3BA36A0E8F070200585E21 /* CalendarStore.framework */,
				77C82804067257F0000B614F /* CoreData.framework */,
				29B97325FDCFA39411CA2CEA /* Foundation.framework */,
				29B97324FDCFA39411CA2CEA /* AppKit.framework */,
				1058C7A1FEA54F0111CA2CBB /* Cocoa.framework */,
			);
			name = Frameworks;
			sourceTree = "<group>";
		};
		19C28FACFE9D520D11CA2CBB /* Products */ = {
			isa = PBXGroup;
			children = (
				8D1107320486CEB800E47090 /* Technicolor.app */,
				1EB8C9630EA1AB4000984CD7 /* TCCalendarPlugin.tcplugin */,
				1EB8CADF0EA1ACC300984CD7 /* TCTVRagePlugin.tcplugin */,
				1E63689E0EA253590003034E /* TCCore.framework */,
				1E5E38610EA2FBA100FD67A3 /* TCProcessingQueuePlugin.tcplugin */,
				1E5EF99D0EAC33BC006F064E /* TCJSPlugin.tcplugin */,
				1E6C75B90EE651F80099140B /* TCCoreUI.framework */,
			);
			name = Products;
			sourceTree = "<group>";
		};
		1E23C64A0EEFA06700E6C373 /* Products */ = {
			isa = PBXGroup;
			children = (
				1E23C6520EEFA06700E6C373 /* jsxi */,
				1E23C6540EEFA06700E6C373 /* libJSXlib.a */,
				1E23C6560EEFA06700E6C373 /* JSXObjC.framework */,
				1E23C6580EEFA06700E6C373 /* JSXurtle.app */,
				1E23C65A0EEFA06700E6C373 /* JSXObjCCoreGraphics.jsxext */,
			);
			name = Products;
			sourceTree = "<group>";
		};
		1E23C7330EEFA22900E6C373 /* JSXObjC */ = {
			isa = PBXGroup;
			children = (
				1E23C75A0EEFA2F600E6C373 /* JSXObjC.h */,
				1E23C75B0EEFA2F600E6C373 /* JSXObjCWrappers.h */,
				1E23C75C0EEFA2F600E6C373 /* JSXObjCObject.h */,
				1E23C75D0EEFA2F600E6C373 /* JSXObjCInterpreter.h */,
				1E23C75E0EEFA2F600E6C373 /* JSXObjCBridgeFileHandle.h */,
				1E23C75F0EEFA2F600E6C373 /* JSXObjCBridgeMemoryBuffer.h */,
				1E23C7600EEFA2F600E6C373 /* JSXObjCBridgeObject.h */,
				1E23C7610EEFA2F600E6C373 /* JSXObjCException.h */,
				1E23C7620EEFA2F600E6C373 /* JSXObjCInteractive.h */,
				1E23C7630EEFA2F600E6C373 /* JSXObjCLib.h */,
				1E23C7640EEFA2F600E6C373 /* JSXObjCCocoa.h */,
				1E23C7650EEFA2F600E6C373 /* JSXObjCPackage.h */,
				1E23C7660EEFA2F600E6C373 /* JSXObjCPackageStdIO.h */,
				1E23C7670EEFA2F600E6C373 /* JSXObjCPackageSys.h */,
				1E23C7680EEFA2F600E6C373 /* JSXurtleApp.h */,
				1E23C7690EEFA2F600E6C373 /* JSXObjCEditor.h */,
				1E23C76A0EEFA2F600E6C373 /* JSXObjCTypes.h */,
				1E23C76B0EEFA2F600E6C373 /* JSXObjCInternal.h */,
				1E23C76C0EEFA2F600E6C373 /* JSXObjCSourceUtil.h */,
				1E23C76D0EEFA2F600E6C373 /* JSXObjCInvocation.h */,
				1EA094700EC80715004C7397 /* JSXObjC.xcodeproj */,
			);
			name = JSXObjC;
			sourceTree = "<group>";
		};
		1E5E384E0EA2FB6E00FD67A3 /* Processing Queue */ = {
			isa = PBXGroup;
			children = (
				1E5E38620EA2FBA100FD67A3 /* TCProcessingQueuePlugin-Info.plist */,
				1E5E38730EA2FBD400FD67A3 /* TCProcessingQueuePlugin.h */,
				1E5E38740EA2FBD400FD67A3 /* TCProcessingQueuePlugin.m */,
			);
			name = "Processing Queue";
			path = TCProcessingQueuePlugin;
			sourceTree = "<group>";
		};
		1E5EF9590EAC33A5006F064E /* JSPlugin */ = {
			isa = PBXGroup;
			children = (
				1E23C7330EEFA22900E6C373 /* JSXObjC */,
				1E5EF99E0EAC33BC006F064E /* TCJSPlugin-Info.plist */,
				1E5EFA620EAC363F006F064E /* TCJSPlugin.h */,
				1E5EFA630EAC363F006F064E /* TCJSPlugin.m */,
				1E23C82C0EEFA5FC00E6C373 /* TCJSInterpreterController.h */,
				1E23C82D0EEFA5FC00E6C373 /* TCJSInterpreterController.m */,
				1E23C82F0EEFA6C300E6C373 /* TCJSInterpreter.xib */,
			);
			name = JSPlugin;
			path = TCJSPlugin;
			sourceTree = "<group>";
		};
		1E6367DF0EA252F60003034E /* Libraries */ = {
			isa = PBXGroup;
			children = (
				1E735ADF0E5159D9004FAD1A /* libpng.dylib */,
				1EE3EE750E53CF590099684C /* libz.1.2.3.dylib */,
				1EE3EE890E53D0470099684C /* libbz2.1.0.4.dylib */,
			);
			name = Libraries;
			sourceTree = "<group>";
		};
		1E63690F0EA2591D0003034E /* TCCore */ = {
			isa = PBXGroup;
			children = (
				1EB8C95D0EA1AAF500984CD7 /* Utilities */,
				1EB8C93A0EA1AA3400984CD7 /* Core Types */,
			);
			path = TCCore;
			sourceTree = "<group>";
		};
		1E6369150EA2592C0003034E /* App */ = {
			isa = PBXGroup;
			children = (
				1E6369720EA273370003034E /* Plugins */,
				1EB8C95E0EA1AB0A00984CD7 /* Controllers */,
			);
			name = App;
			sourceTree = "<group>";
		};
		1E6369720EA273370003034E /* Plugins */ = {
			isa = PBXGroup;
			children = (
				1E6369880EA2736E0003034E /* TCOrganizationPluginManager.h */,
				1E6369890EA2736E0003034E /* TCOrganizationPluginManager.m */,
			);
			name = Plugins;
			sourceTree = "<group>";
		};
		1E636A630EA29B750003034E /* App */ = {
			isa = PBXGroup;
			children = (
				1E636A540EA29B030003034E /* TCTVShowView.nib */,
				1E636A710EA29CA10003034E /* whitebar-bg.png */,
				1E50D7D40E5010ED00BDA918 /* Wizard.nib */,
				8D1107310486CEB800E47090 /* Info.plist */,
				089C165CFE840E0CC02AAC07 /* InfoPlist.strings */,
				2F7446970DB6B7EA00F9684A /* MainMenu.xib */,
			);
			path = App;
			sourceTree = "<group>";
		};
		1E636A6D0EA29C030003034E /* Plugins */ = {
			isa = PBXGroup;
			children = (
			);
			path = Plugins;
			sourceTree = "<group>";
		};
		1E636A6E0EA29C090003034E /* Framework */ = {
			isa = PBXGroup;
			children = (
				1E63689F0EA253590003034E /* TCCore-Info.plist */,
				1E6C75BC0EE651F80099140B /* TCCoreUI-Info.plist */,
			);
			path = Framework;
			sourceTree = "<group>";
		};
		1E6C75750EE651000099140B /* View Controllers */ = {
			isa = PBXGroup;
			children = (
				1E6C75760EE651090099140B /* TV Shows */,
			);
			name = "View Controllers";
			sourceTree = "<group>";
		};
		1E6C75760EE651090099140B /* TV Shows */ = {
			isa = PBXGroup;
			children = (
				1E95DBF70E57BD9600B6A7E9 /* TCTVShowController.h */,
				1E95DBF80E57BD9600B6A7E9 /* TCTVShowController.m */,
			);
			name = "TV Shows";
			sourceTree = "<group>";
		};
		1E6C75770EE651250099140B /* UI */ = {
			isa = PBXGroup;
			children = (
				1E6C75F70EE653DB0099140B /* TCMasterDetailCell.h */,
				1E6C75F80EE653DB0099140B /* TCMasterDetailCell.m */,
				1E6C767E0EE660A50099140B /* TCVideoFile+PreviewImage.h */,
				1E6C767F0EE660A50099140B /* TCVideoFile+PreviewImage.m */,
			);
			path = UI;
			sourceTree = "<group>";
		};
		1EB8C9320EA1A9D500984CD7 /* Plugins */ = {
			isa = PBXGroup;
			children = (
				1EB8C9390EA1AA2900984CD7 /* Transcoding */,
				1EB8C9380EA1AA1D00984CD7 /* Organization */,
			);
			path = Plugins;
			sourceTree = "<group>";
		};
		1EB8C9380EA1AA1D00984CD7 /* Organization */ = {
			isa = PBXGroup;
			children = (
				1E5EF9590EAC33A5006F064E /* JSPlugin */,
				1E5E384E0EA2FB6E00FD67A3 /* Processing Queue */,
				1EB8CACA0EA1AC3C00984CD7 /* TVRage */,
				1EB8CAC30EA1AC2500984CD7 /* Calendar */,
			);
			path = Organization;
			sourceTree = "<group>";
		};
		1EB8C9390EA1AA2900984CD7 /* Transcoding */ = {
			isa = PBXGroup;
			children = (
			);
			name = Transcoding;
			sourceTree = "<group>";
		};
		1EB8C93A0EA1AA3400984CD7 /* Core Types */ = {
			isa = PBXGroup;
			children = (
				1E38470A0ED8C72D00DD6F43 /* Technicolor_DataModel.xcdatamodel */,
				1EB8C94A0EA1AAA500984CD7 /* TCMovie.h */,
				1EB8C94B0EA1AAA500984CD7 /* TCMovie.m */,
				1EB8C94C0EA1AAA500984CD7 /* TCMovieVideo.h */,
				1EB8C94D0EA1AAA500984CD7 /* TCMovieVideo.m */,
				1EB8C94E0EA1AAA500984CD7 /* TCTVEpisode.h */,
				1EB8C94F0EA1AAA500984CD7 /* TCTVEpisode.m */,
				1EB8C9500EA1AAA500984CD7 /* TCTVShow.h */,
				1EB8C9510EA1AAA500984CD7 /* TCTVShow.m */,
				1EB8C9520EA1AAA500984CD7 /* TCVideo.h */,
				1EB8C9530EA1AAA500984CD7 /* TCVideo.m */,
				1EB8C9540EA1AAA500984CD7 /* TCVideoFile.h */,
				1EB8C9550EA1AAA500984CD7 /* TCVideoFile.m */,
				1E63692B0EA26EE60003034E /* TCOrganizationPlugin.h */,
				1E63692C0EA26EE60003034E /* TCOrganizationPlugin.m */,
			);
			path = "Core Types";
			sourceTree = "<group>";
		};
		1EB8C95D0EA1AAF500984CD7 /* Utilities */ = {
			isa = PBXGroup;
			children = (
				1E4916130EABFB76005CEC4F /* Technicolor.h */,
				1E6369180EA25A3C0003034E /* TCDownload.h */,
				1E6369190EA25A3C0003034E /* TCDownload.m */,
				1E636A000EA290200003034E /* TCCoreUtils.h */,
				1E636A010EA290200003034E /* TCCoreUtils.m */,
				1E3845F40ED8BEDF00DD6F43 /* TCRegex.h */,
				1E3845F50ED8BEDF00DD6F43 /* TCRegex.m */,
			);
			path = Utilities;
			sourceTree = "<group>";
		};
		1EB8C95E0EA1AB0A00984CD7 /* Controllers */ = {
			isa = PBXGroup;
			children = (
				1E6C75750EE651000099140B /* View Controllers */,
				77C8280B06725ACE000B614F /* Technicolor_AppDelegate.h */,
				77C8280C06725ACE000B614F /* Technicolor_AppDelegate.m */,
				1E10D8060E6C459900C69D38 /* TCProcessingQueueController.h */,
				1E10D8070E6C459900C69D38 /* TCProcessingQueueController.m */,
			);
			name = Controllers;
			sourceTree = "<group>";
		};
		1EB8CAC30EA1AC2500984CD7 /* Calendar */ = {
			isa = PBXGroup;
			children = (
				1EB8C9640EA1AB4000984CD7 /* TCCalendarPlugin-Info.plist */,
				1EB8CAC40EA1AC2500984CD7 /* TCCalendar.h */,
				1EB8CAC50EA1AC2500984CD7 /* TCCalendar.m */,
				1EB8CAC60EA1AC2500984CD7 /* TCCalendarEvent.h */,
				1EB8CAC70EA1AC2500984CD7 /* TCCalendarEvent.m */,
				1EB8CB0F0EA1B00800984CD7 /* TCCalendarPlugin.xcdatamodel */,
				1E63692F0EA270970003034E /* TCCalendarPlugin.h */,
				1E6369300EA270970003034E /* TCCalendarPlugin.m */,
			);
			name = Calendar;
			path = TCCalendarPlugin;
			sourceTree = "<group>";
		};
		1EB8CACA0EA1AC3C00984CD7 /* TVRage */ = {
			isa = PBXGroup;
			children = (
				1EB8CAE00EA1ACC300984CD7 /* TCTVRagePlugin-Info.plist */,
				1EB8CACB0EA1AC6C00984CD7 /* TCTVRageImports.h */,
				1EB8CACC0EA1AC6C00984CD7 /* TVRageController.h */,
				1EB8CACD0EA1AC6C00984CD7 /* TVRageController.m */,
				1EB8CACE0EA1AC6C00984CD7 /* TVRageOperation.h */,
				1EB8CACF0EA1AC6C00984CD7 /* TVRageOperation.m */,
				1E6369320EA270CC0003034E /* TCTVRagePlugin.h */,
				1E6369330EA270CC0003034E /* TCTVRagePlugin.m */,
			);
			name = TVRage;
			path = TCTVRagePlugin;
			sourceTree = "<group>";
		};
		29B97314FDCFA39411CA2CEA /* Technicolor */ = {
			isa = PBXGroup;
			children = (
				080E96DDFE201D6D7F000001 /* Classes */,
				29B97315FDCFA39411CA2CEA /* Other Sources */,
				29B97317FDCFA39411CA2CEA /* Resources */,
				29B97323FDCFA39411CA2CEA /* Frameworks */,
				19C28FACFE9D520D11CA2CBB /* Products */,
				1E38446E0ED7D58400DD6F43 /* Foundation.framework */,
				1E6C75BE0EE652090099140B /* AppKit.framework */,
				1E6C76850EE660F40099140B /* QuickLook.framework */,
			);
			name = Technicolor;
			sourceTree = "<group>";
		};
		29B97315FDCFA39411CA2CEA /* Other Sources */ = {
			isa = PBXGroup;
			children = (
				32CA4F630368D1EE00C91783 /* Technicolor_Prefix.pch */,
				29B97316FDCFA39411CA2CEA /* main.m */,
			);
			name = "Other Sources";
			sourceTree = "<group>";
		};
		29B97317FDCFA39411CA2CEA /* Resources */ = {
			isa = PBXGroup;
			children = (
				1E636A6E0EA29C090003034E /* Framework */,
				1E636A6D0EA29C030003034E /* Plugins */,
				1E636A630EA29B750003034E /* App */,
			);
			path = Resources;
			sourceTree = "<group>";
		};
		29B97323FDCFA39411CA2CEA /* Frameworks */ = {
			isa = PBXGroup;
			children = (
				1E6367DF0EA252F60003034E /* Libraries */,
				1058C7A0FEA54F0111CA2CBB /* Frameworks */,
			);
			name = Frameworks;
			sourceTree = "<group>";
		};
/* End PBXGroup section */

/* Begin PBXHeadersBuildPhase section */
		1E6368990EA253590003034E /* Headers */ = {
			isa = PBXHeadersBuildPhase;
			buildActionMask = 2147483647;
			files = (
				1E6368A90EA253A70003034E /* TCMovie.h in Headers */,
				1E6368AA0EA253A70003034E /* TCMovieVideo.h in Headers */,
				1E6368AB0EA253A70003034E /* TCTVEpisode.h in Headers */,
				1E6368AC0EA253A70003034E /* TCTVShow.h in Headers */,
				1E6368AD0EA253A70003034E /* TCVideo.h in Headers */,
				1E6368AE0EA253A70003034E /* TCVideoFile.h in Headers */,
				1E63691A0EA25A3C0003034E /* TCDownload.h in Headers */,
				1E63692D0EA26EE60003034E /* TCOrganizationPlugin.h in Headers */,
				1E636A020EA290200003034E /* TCCoreUtils.h in Headers */,
				1E4916140EABFB76005CEC4F /* Technicolor.h in Headers */,
				1E3845F60ED8BEDF00DD6F43 /* TCRegex.h in Headers */,
			);
			runOnlyForDeploymentPostprocessing = 0;
		};
		1E6C75980EE651F80099140B /* Headers */ = {
			isa = PBXHeadersBuildPhase;
			buildActionMask = 2147483647;
			files = (
				1E6C75F90EE653DB0099140B /* TCMasterDetailCell.h in Headers */,
				1E6C76800EE660A50099140B /* TCVideoFile+PreviewImage.h in Headers */,
			);
			runOnlyForDeploymentPostprocessing = 0;
		};
/* End PBXHeadersBuildPhase section */

/* Begin PBXNativeTarget section */
		1E5E38600EA2FBA100FD67A3 /* TCProcessingQueuePlugin */ = {
			isa = PBXNativeTarget;
			buildConfigurationList = 1E5E38650EA2FBA100FD67A3 /* Build configuration list for PBXNativeTarget "TCProcessingQueuePlugin" */;
			buildPhases = (
				1E5E385D0EA2FBA100FD67A3 /* Resources */,
				1E5E385E0EA2FBA100FD67A3 /* Sources */,
				1E5E385F0EA2FBA100FD67A3 /* Frameworks */,
			);
			buildRules = (
			);
			dependencies = (
				1E5E38670EA2FBA600FD67A3 /* PBXTargetDependency */,
			);
			name = TCProcessingQueuePlugin;
			productName = TCProcessingQueuePlugin;
			productReference = 1E5E38610EA2FBA100FD67A3 /* TCProcessingQueuePlugin.tcplugin */;
			productType = "com.apple.product-type.bundle";
		};
		1E5EF99C0EAC33BC006F064E /* TCJSPlugin */ = {
			isa = PBXNativeTarget;
			buildConfigurationList = 1E5EF9A10EAC33BD006F064E /* Build configuration list for PBXNativeTarget "TCJSPlugin" */;
			buildPhases = (
				1EA094980EC8075F004C7397 /* Copy Frameworks */,
				1E5EF9990EAC33BC006F064E /* Resources */,
				1E5EF99A0EAC33BC006F064E /* Sources */,
				1E5EF99B0EAC33BC006F064E /* Frameworks */,
			);
			buildRules = (
			);
			dependencies = (
			);
			name = TCJSPlugin;
			productName = TCJSPlugin;
			productReference = 1E5EF99D0EAC33BC006F064E /* TCJSPlugin.tcplugin */;
			productType = "com.apple.product-type.bundle";
		};
		1E63689D0EA253590003034E /* TCCore */ = {
			isa = PBXNativeTarget;
			buildConfigurationList = 1E6368A20EA253590003034E /* Build configuration list for PBXNativeTarget "TCCore" */;
			buildPhases = (
				1E6368990EA253590003034E /* Headers */,
				1E63689A0EA253590003034E /* Resources */,
				1E63689B0EA253590003034E /* Sources */,
				1E63689C0EA253590003034E /* Frameworks */,
			);
			buildRules = (
			);
			dependencies = (
			);
			name = TCCore;
			productName = TCCore;
			productReference = 1E63689E0EA253590003034E /* TCCore.framework */;
			productType = "com.apple.product-type.framework";
		};
		1E6C75970EE651F80099140B /* TCCoreUI */ = {
			isa = PBXNativeTarget;
			buildConfigurationList = 1E6C75B60EE651F80099140B /* Build configuration list for PBXNativeTarget "TCCoreUI" */;
			buildPhases = (
				1E6C75980EE651F80099140B /* Headers */,
				1E6C75A40EE651F80099140B /* Resources */,
				1E6C75A60EE651F80099140B /* Sources */,
				1E6C75B20EE651F80099140B /* Frameworks */,
			);
			buildRules = (
			);
			dependencies = (
				1E6C76F80EE66FA10099140B /* PBXTargetDependency */,
			);
			name = TCCoreUI;
			productName = TCCore;
			productReference = 1E6C75B90EE651F80099140B /* TCCoreUI.framework */;
			productType = "com.apple.product-type.framework";
		};
		1EB8C9620EA1AB4000984CD7 /* TCCalendarPlugin */ = {
			isa = PBXNativeTarget;
			buildConfigurationList = 1EB8C9670EA1AB4100984CD7 /* Build configuration list for PBXNativeTarget "TCCalendarPlugin" */;
			buildPhases = (
				1EB8C95F0EA1AB4000984CD7 /* Resources */,
				1EB8C9600EA1AB4000984CD7 /* Sources */,
				1EB8C9610EA1AB4000984CD7 /* Frameworks */,
			);
			buildRules = (
			);
			dependencies = (
				1E6368BC0EA253DC0003034E /* PBXTargetDependency */,
			);
			name = TCCalendarPlugin;
			productName = TCCalendarPlugin;
			productReference = 1EB8C9630EA1AB4000984CD7 /* TCCalendarPlugin.tcplugin */;
			productType = "com.apple.product-type.bundle";
		};
		1EB8CADE0EA1ACC300984CD7 /* TCTVRagePlugin */ = {
			isa = PBXNativeTarget;
			buildConfigurationList = 1EB8CAE30EA1ACC400984CD7 /* Build configuration list for PBXNativeTarget "TCTVRagePlugin" */;
			buildPhases = (
				1EB8CADB0EA1ACC300984CD7 /* Resources */,
				1EB8CADC0EA1ACC300984CD7 /* Sources */,
				1EB8CADD0EA1ACC300984CD7 /* Frameworks */,
			);
			buildRules = (
			);
			dependencies = (
				1E6368C10EA253EC0003034E /* PBXTargetDependency */,
			);
			name = TCTVRagePlugin;
			productName = TCTVRagePlugin;
			productReference = 1EB8CADF0EA1ACC300984CD7 /* TCTVRagePlugin.tcplugin */;
			productType = "com.apple.product-type.bundle";
		};
		8D1107260486CEB800E47090 /* Technicolor */ = {
			isa = PBXNativeTarget;
			buildConfigurationList = 26FC0A840875C7B200E6366F /* Build configuration list for PBXNativeTarget "Technicolor" */;
			buildPhases = (
				8D1107290486CEB800E47090 /* Resources */,
				1E5E38950EA2FC1F00FD67A3 /* Copy Frameworks */,
				8D11072C0486CEB800E47090 /* Sources */,
				8D11072E0486CEB800E47090 /* Frameworks */,
			);
			buildRules = (
			);
			dependencies = (
				1E6368BA0EA253D60003034E /* PBXTargetDependency */,
				1E6C75CC0EE652400099140B /* PBXTargetDependency */,
				1E636A7A0EA29D090003034E /* PBXTargetDependency */,
				1E636A7C0EA29D090003034E /* PBXTargetDependency */,
				1E5E389D0EA2FD4400FD67A3 /* PBXTargetDependency */,
				1E23C8110EEFA3D800E6C373 /* PBXTargetDependency */,
			);
			name = Technicolor;
			productInstallPath = "$(HOME)/Applications";
			productName = Technicolor;
			productReference = 8D1107320486CEB800E47090 /* Technicolor.app */;
			productType = "com.apple.product-type.application";
		};
/* End PBXNativeTarget section */

/* Begin PBXProject section */
		29B97313FDCFA39411CA2CEA /* Project object */ = {
			isa = PBXProject;
			buildConfigurationList = 26FC0A880875C7B200E6366F /* Build configuration list for PBXProject "Technicolor" */;
			compatibilityVersion = "Xcode 3.0";
			hasScannedForEncodings = 1;
			mainGroup = 29B97314FDCFA39411CA2CEA /* Technicolor */;
			projectDirPath = "";
			projectReferences = (
				{
					ProductGroup = 1E23C64A0EEFA06700E6C373 /* Products */;
					ProjectRef = 1EA094700EC80715004C7397 /* JSXObjC.xcodeproj */;
				},
			);
			projectRoot = "";
			targets = (
				8D1107260486CEB800E47090 /* Technicolor */,
				1E63689D0EA253590003034E /* TCCore */,
				1EB8C9620EA1AB4000984CD7 /* TCCalendarPlugin */,
				1EB8CADE0EA1ACC300984CD7 /* TCTVRagePlugin */,
				1E5E38600EA2FBA100FD67A3 /* TCProcessingQueuePlugin */,
				1E5EF99C0EAC33BC006F064E /* TCJSPlugin */,
				1E6C75970EE651F80099140B /* TCCoreUI */,
			);
		};
/* End PBXProject section */

/* Begin PBXReferenceProxy section */
		1E23C6520EEFA06700E6C373 /* jsxi */ = {
			isa = PBXReferenceProxy;
			fileType = "compiled.mach-o.executable";
			path = jsxi;
			remoteRef = 1E23C6510EEFA06700E6C373 /* PBXContainerItemProxy */;
			sourceTree = BUILT_PRODUCTS_DIR;
		};
		1E23C6540EEFA06700E6C373 /* libJSXlib.a */ = {
			isa = PBXReferenceProxy;
			fileType = archive.ar;
			path = libJSXlib.a;
			remoteRef = 1E23C6530EEFA06700E6C373 /* PBXContainerItemProxy */;
			sourceTree = BUILT_PRODUCTS_DIR;
		};
		1E23C6560EEFA06700E6C373 /* JSXObjC.framework */ = {
			isa = PBXReferenceProxy;
			fileType = wrapper.framework;
			path = JSXObjC.framework;
			remoteRef = 1E23C6550EEFA06700E6C373 /* PBXContainerItemProxy */;
			sourceTree = BUILT_PRODUCTS_DIR;
		};
		1E23C6580EEFA06700E6C373 /* JSXurtle.app */ = {
			isa = PBXReferenceProxy;
			fileType = wrapper.application;
			path = JSXurtle.app;
			remoteRef = 1E23C6570EEFA06700E6C373 /* PBXContainerItemProxy */;
			sourceTree = BUILT_PRODUCTS_DIR;
		};
		1E23C65A0EEFA06700E6C373 /* JSXObjCCoreGraphics.jsxext */ = {
			isa = PBXReferenceProxy;
			fileType = wrapper.cfbundle;
			path = JSXObjCCoreGraphics.jsxext;
			remoteRef = 1E23C6590EEFA06700E6C373 /* PBXContainerItemProxy */;
			sourceTree = BUILT_PRODUCTS_DIR;
		};
/* End PBXReferenceProxy section */

/* Begin PBXResourcesBuildPhase section */
		1E5E385D0EA2FBA100FD67A3 /* Resources */ = {
			isa = PBXResourcesBuildPhase;
			buildActionMask = 2147483647;
			files = (
			);
			runOnlyForDeploymentPostprocessing = 0;
		};
		1E5EF9990EAC33BC006F064E /* Resources */ = {
			isa = PBXResourcesBuildPhase;
			buildActionMask = 2147483647;
			files = (
				1E23C8300EEFA6C300E6C373 /* TCJSInterpreter.xib in Resources */,
			);
			runOnlyForDeploymentPostprocessing = 0;
		};
		1E63689A0EA253590003034E /* Resources */ = {
			isa = PBXResourcesBuildPhase;
			buildActionMask = 2147483647;
			files = (
				1E636A7E0EA29D1B0003034E /* TCCore-Info.plist in Resources */,
			);
			runOnlyForDeploymentPostprocessing = 0;
		};
		1E6C75A40EE651F80099140B /* Resources */ = {
			isa = PBXResourcesBuildPhase;
			buildActionMask = 2147483647;
			files = (
				1E6C75E70EE653340099140B /* TCCoreUI-Info.plist in Resources */,
			);
			runOnlyForDeploymentPostprocessing = 0;
		};
		1EB8C95F0EA1AB4000984CD7 /* Resources */ = {
			isa = PBXResourcesBuildPhase;
			buildActionMask = 2147483647;
			files = (
			);
			runOnlyForDeploymentPostprocessing = 0;
		};
		1EB8CADB0EA1ACC300984CD7 /* Resources */ = {
			isa = PBXResourcesBuildPhase;
			buildActionMask = 2147483647;
			files = (
			);
			runOnlyForDeploymentPostprocessing = 0;
		};
		8D1107290486CEB800E47090 /* Resources */ = {
			isa = PBXResourcesBuildPhase;
			buildActionMask = 2147483647;
			files = (
				8D11072B0486CEB800E47090 /* InfoPlist.strings in Resources */,
				2F7446990DB6B7EA00F9684A /* MainMenu.xib in Resources */,
				1E50D7D60E5010ED00BDA918 /* Wizard.nib in Resources */,
				1E636A560EA29B030003034E /* TCTVShowView.nib in Resources */,
				1E636A720EA29CA10003034E /* whitebar-bg.png in Resources */,
			);
			runOnlyForDeploymentPostprocessing = 0;
		};
/* End PBXResourcesBuildPhase section */

/* Begin PBXSourcesBuildPhase section */
		1E5E385E0EA2FBA100FD67A3 /* Sources */ = {
			isa = PBXSourcesBuildPhase;
			buildActionMask = 2147483647;
			files = (
				1E5E38750EA2FBD400FD67A3 /* TCProcessingQueuePlugin.m in Sources */,
			);
			runOnlyForDeploymentPostprocessing = 0;
		};
		1E5EF99A0EAC33BC006F064E /* Sources */ = {
			isa = PBXSourcesBuildPhase;
			buildActionMask = 2147483647;
			files = (
				1E5EFA640EAC363F006F064E /* TCJSPlugin.m in Sources */,
				1E23C82E0EEFA5FC00E6C373 /* TCJSInterpreterController.m in Sources */,
			);
			runOnlyForDeploymentPostprocessing = 0;
		};
		1E63689B0EA253590003034E /* Sources */ = {
			isa = PBXSourcesBuildPhase;
			buildActionMask = 2147483647;
			files = (
				1E6368AF0EA253BF0003034E /* TCMovie.m in Sources */,
				1E6368B00EA253BF0003034E /* TCMovieVideo.m in Sources */,
				1E6368B10EA253BF0003034E /* TCTVEpisode.m in Sources */,
				1E6368B20EA253BF0003034E /* TCTVShow.m in Sources */,
				1E6368B30EA253BF0003034E /* TCVideo.m in Sources */,
				1E6368B40EA253BF0003034E /* TCVideoFile.m in Sources */,
				1E63691B0EA25A3C0003034E /* TCDownload.m in Sources */,
				1E63692E0EA26EE60003034E /* TCOrganizationPlugin.m in Sources */,
				1E636A030EA290200003034E /* TCCoreUtils.m in Sources */,
				1E3845F70ED8BEDF00DD6F43 /* TCRegex.m in Sources */,
				1E38470B0ED8C72D00DD6F43 /* Technicolor_DataModel.xcdatamodel in Sources */,
			);
			runOnlyForDeploymentPostprocessing = 0;
		};
		1E6C75A60EE651F80099140B /* Sources */ = {
			isa = PBXSourcesBuildPhase;
			buildActionMask = 2147483647;
			files = (
				1E6C75FA0EE653DB0099140B /* TCMasterDetailCell.m in Sources */,
				1E6C76810EE660A50099140B /* TCVideoFile+PreviewImage.m in Sources */,
			);
			runOnlyForDeploymentPostprocessing = 0;
		};
		1EB8C9600EA1AB4000984CD7 /* Sources */ = {
			isa = PBXSourcesBuildPhase;
			buildActionMask = 2147483647;
			files = (
				1EB8CAD00EA1AC7B00984CD7 /* TCCalendar.m in Sources */,
				1EB8CAD10EA1AC7B00984CD7 /* TCCalendarEvent.m in Sources */,
				1EB8CB100EA1B00800984CD7 /* TCCalendarPlugin.xcdatamodel in Sources */,
				1E6369310EA270970003034E /* TCCalendarPlugin.m in Sources */,
			);
			runOnlyForDeploymentPostprocessing = 0;
		};
		1EB8CADC0EA1ACC300984CD7 /* Sources */ = {
			isa = PBXSourcesBuildPhase;
			buildActionMask = 2147483647;
			files = (
				1EB8CAF90EA1ACFB00984CD7 /* TVRageController.m in Sources */,
				1EB8CAFB0EA1ACFB00984CD7 /* TVRageOperation.m in Sources */,
				1E6369340EA270CC0003034E /* TCTVRagePlugin.m in Sources */,
			);
			runOnlyForDeploymentPostprocessing = 0;
		};
		8D11072C0486CEB800E47090 /* Sources */ = {
			isa = PBXSourcesBuildPhase;
			buildActionMask = 2147483647;
			files = (
				8D11072D0486CEB800E47090 /* main.m in Sources */,
				77C8280E06725ACE000B614F /* Technicolor_AppDelegate.m in Sources */,
				1E95DBF90E57BD9600B6A7E9 /* TCTVShowController.m in Sources */,
				1E10D8080E6C459900C69D38 /* TCProcessingQueueController.m in Sources */,
				1E63698A0EA2736E0003034E /* TCOrganizationPluginManager.m in Sources */,
			);
			runOnlyForDeploymentPostprocessing = 0;
		};
/* End PBXSourcesBuildPhase section */

/* Begin PBXTargetDependency section */
		1E23C8110EEFA3D800E6C373 /* PBXTargetDependency */ = {
			isa = PBXTargetDependency;
			target = 1E5EF99C0EAC33BC006F064E /* TCJSPlugin */;
			targetProxy = 1E23C8100EEFA3D800E6C373 /* PBXContainerItemProxy */;
		};
		1E5E38670EA2FBA600FD67A3 /* PBXTargetDependency */ = {
			isa = PBXTargetDependency;
			target = 1E63689D0EA253590003034E /* TCCore */;
			targetProxy = 1E5E38660EA2FBA600FD67A3 /* PBXContainerItemProxy */;
		};
		1E5E389D0EA2FD4400FD67A3 /* PBXTargetDependency */ = {
			isa = PBXTargetDependency;
			target = 1E5E38600EA2FBA100FD67A3 /* TCProcessingQueuePlugin */;
			targetProxy = 1E5E389C0EA2FD4400FD67A3 /* PBXContainerItemProxy */;
		};
		1E6368BA0EA253D60003034E /* PBXTargetDependency */ = {
			isa = PBXTargetDependency;
			target = 1E63689D0EA253590003034E /* TCCore */;
			targetProxy = 1E6368B90EA253D60003034E /* PBXContainerItemProxy */;
		};
		1E6368BC0EA253DC0003034E /* PBXTargetDependency */ = {
			isa = PBXTargetDependency;
			target = 1E63689D0EA253590003034E /* TCCore */;
			targetProxy = 1E6368BB0EA253DC0003034E /* PBXContainerItemProxy */;
		};
		1E6368C10EA253EC0003034E /* PBXTargetDependency */ = {
			isa = PBXTargetDependency;
			target = 1E63689D0EA253590003034E /* TCCore */;
			targetProxy = 1E6368C00EA253EC0003034E /* PBXContainerItemProxy */;
		};
		1E636A7A0EA29D090003034E /* PBXTargetDependency */ = {
			isa = PBXTargetDependency;
			target = 1EB8C9620EA1AB4000984CD7 /* TCCalendarPlugin */;
			targetProxy = 1E636A790EA29D090003034E /* PBXContainerItemProxy */;
		};
		1E636A7C0EA29D090003034E /* PBXTargetDependency */ = {
			isa = PBXTargetDependency;
			target = 1EB8CADE0EA1ACC300984CD7 /* TCTVRagePlugin */;
			targetProxy = 1E636A7B0EA29D090003034E /* PBXContainerItemProxy */;
		};
		1E6C75CC0EE652400099140B /* PBXTargetDependency */ = {
			isa = PBXTargetDependency;
			target = 1E6C75970EE651F80099140B /* TCCoreUI */;
			targetProxy = 1E6C75CB0EE652400099140B /* PBXContainerItemProxy */;
		};
		1E6C76F80EE66FA10099140B /* PBXTargetDependency */ = {
			isa = PBXTargetDependency;
			target = 1E63689D0EA253590003034E /* TCCore */;
			targetProxy = 1E6C76F70EE66FA10099140B /* PBXContainerItemProxy */;
		};
/* End PBXTargetDependency section */

/* Begin PBXVariantGroup section */
		089C165CFE840E0CC02AAC07 /* InfoPlist.strings */ = {
			isa = PBXVariantGroup;
			children = (
				089C165DFE840E0CC02AAC07 /* English */,
			);
			name = InfoPlist.strings;
			sourceTree = "<group>";
		};
		1E50D7D40E5010ED00BDA918 /* Wizard.nib */ = {
			isa = PBXVariantGroup;
			children = (
				1E50D7D50E5010ED00BDA918 /* English */,
			);
			name = Wizard.nib;
			sourceTree = "<group>";
		};
		1E636A540EA29B030003034E /* TCTVShowView.nib */ = {
			isa = PBXVariantGroup;
			children = (
				1E636A550EA29B030003034E /* TCTVShowView.nib */,
			);
			name = TCTVShowView.nib;
			path = ../..;
			sourceTree = "<group>";
		};
		2F7446970DB6B7EA00F9684A /* MainMenu.xib */ = {
			isa = PBXVariantGroup;
			children = (
				2F7446980DB6B7EA00F9684A /* English */,
			);
			name = MainMenu.xib;
			sourceTree = "<group>";
		};
/* End PBXVariantGroup section */

/* Begin XCBuildConfiguration section */
		1E5E38630EA2FBA100FD67A3 /* Debug */ = {
			isa = XCBuildConfiguration;
			buildSettings = {
				ALWAYS_SEARCH_USER_PATHS = NO;
				COPY_PHASE_STRIP = NO;
				GCC_DYNAMIC_NO_PIC = NO;
				GCC_ENABLE_FIX_AND_CONTINUE = YES;
				GCC_MODEL_TUNING = G5;
				GCC_OPTIMIZATION_LEVEL = 0;
				GCC_PRECOMPILE_PREFIX_HEADER = YES;
				GCC_PREFIX_HEADER = "$(SYSTEM_LIBRARY_DIR)/Frameworks/AppKit.framework/Headers/AppKit.h";
				INFOPLIST_FILE = "Resources/Plugins/TCProcessingQueuePlugin-Info.plist";
				INSTALL_PATH = "$(HOME)/Library/Bundles";
				OTHER_LDFLAGS = (
					"-framework",
					Foundation,
					"-framework",
					AppKit,
				);
				PREBINDING = NO;
				PRODUCT_NAME = TCProcessingQueuePlugin;
				WRAPPER_EXTENSION = tcplugin;
			};
			name = Debug;
		};
		1E5E38640EA2FBA100FD67A3 /* Release */ = {
			isa = XCBuildConfiguration;
			buildSettings = {
				ALWAYS_SEARCH_USER_PATHS = NO;
				COPY_PHASE_STRIP = YES;
				DEBUG_INFORMATION_FORMAT = "dwarf-with-dsym";
				GCC_ENABLE_FIX_AND_CONTINUE = NO;
				GCC_MODEL_TUNING = G5;
				GCC_PRECOMPILE_PREFIX_HEADER = YES;
				GCC_PREFIX_HEADER = "$(SYSTEM_LIBRARY_DIR)/Frameworks/AppKit.framework/Headers/AppKit.h";
				INFOPLIST_FILE = "TCProcessingQueuePlugin-Info.plist";
				INSTALL_PATH = "$(HOME)/Library/Bundles";
				OTHER_LDFLAGS = (
					"-framework",
					Foundation,
					"-framework",
					AppKit,
				);
				PREBINDING = NO;
				PRODUCT_NAME = TCProcessingQueuePlugin;
				WRAPPER_EXTENSION = bundle;
				ZERO_LINK = NO;
			};
			name = Release;
		};
		1E5EF99F0EAC33BD006F064E /* Debug */ = {
			isa = XCBuildConfiguration;
			buildSettings = {
				ALWAYS_SEARCH_USER_PATHS = NO;
				COPY_PHASE_STRIP = NO;
				FRAMEWORK_SEARCH_PATHS = "~/Packages/jsxobjc/build//**";
				GCC_DYNAMIC_NO_PIC = NO;
				GCC_ENABLE_FIX_AND_CONTINUE = YES;
				GCC_MODEL_TUNING = G5;
				GCC_OPTIMIZATION_LEVEL = 0;
				GCC_PRECOMPILE_PREFIX_HEADER = YES;
				GCC_PREFIX_HEADER = "$(SYSTEM_LIBRARY_DIR)/Frameworks/AppKit.framework/Headers/AppKit.h";
				INFOPLIST_FILE = "Resources/Plugins/TCJSPlugin-Info.plist";
				INSTALL_PATH = "$(HOME)/Library/Bundles";
				OTHER_LDFLAGS = (
					"-framework",
					Foundation,
					"-framework",
					AppKit,
					"-weak_framework",
					JSXObjC,
				);
				PREBINDING = NO;
				PRODUCT_NAME = TCJSPlugin;
				WRAPPER_EXTENSION = tcplugin;
			};
			name = Debug;
		};
		1E5EF9A00EAC33BD006F064E /* Release */ = {
			isa = XCBuildConfiguration;
			buildSettings = {
				ALWAYS_SEARCH_USER_PATHS = NO;
				COPY_PHASE_STRIP = YES;
				DEBUG_INFORMATION_FORMAT = "dwarf-with-dsym";
				GCC_ENABLE_FIX_AND_CONTINUE = NO;
				GCC_MODEL_TUNING = G5;
				GCC_PRECOMPILE_PREFIX_HEADER = YES;
				GCC_PREFIX_HEADER = "$(SYSTEM_LIBRARY_DIR)/Frameworks/AppKit.framework/Headers/AppKit.h";
				INFOPLIST_FILE = "Resources/Plugins/TCJSPlugin-Info.plist";
				INSTALL_PATH = "$(HOME)/Library/Bundles";
				OTHER_LDFLAGS = (
					"-framework",
					Foundation,
					"-framework",
					AppKit,
				);
				PREBINDING = NO;
				PRODUCT_NAME = TCJSPlugin;
				WRAPPER_EXTENSION = bundle;
				ZERO_LINK = NO;
			};
			name = Release;
		};
		1E6368A00EA253590003034E /* Debug */ = {
			isa = XCBuildConfiguration;
			buildSettings = {
				ALWAYS_SEARCH_USER_PATHS = NO;
				COPY_PHASE_STRIP = NO;
				DYLIB_COMPATIBILITY_VERSION = 1;
				DYLIB_CURRENT_VERSION = 1;
				FRAMEWORK_VERSION = A;
				GCC_DYNAMIC_NO_PIC = NO;
				GCC_ENABLE_FIX_AND_CONTINUE = YES;
				GCC_MODEL_TUNING = G5;
				GCC_OPTIMIZATION_LEVEL = 0;
				GCC_PRECOMPILE_PREFIX_HEADER = YES;
				GCC_PREFIX_HEADER = "$(SYSTEM_LIBRARY_DIR)/Frameworks/AppKit.framework/Headers/AppKit.h";
				INFOPLIST_FILE = "Resources/Framework/TCCore-Info.plist";
				INSTALL_PATH = "@executable_path/../Frameworks";
				OTHER_LDFLAGS = (
					"-framework",
					Foundation,
					"-framework",
					AppKit,
				);
				PREBINDING = NO;
				PRODUCT_NAME = TCCore;
			};
			name = Debug;
		};
		1E6368A10EA253590003034E /* Release */ = {
			isa = XCBuildConfiguration;
			buildSettings = {
				ALWAYS_SEARCH_USER_PATHS = NO;
				COPY_PHASE_STRIP = YES;
				DEBUG_INFORMATION_FORMAT = "dwarf-with-dsym";
				DYLIB_COMPATIBILITY_VERSION = 1;
				DYLIB_CURRENT_VERSION = 1;
				FRAMEWORK_VERSION = A;
				GCC_ENABLE_FIX_AND_CONTINUE = NO;
				GCC_MODEL_TUNING = G5;
				GCC_PRECOMPILE_PREFIX_HEADER = YES;
				GCC_PREFIX_HEADER = "$(SYSTEM_LIBRARY_DIR)/Frameworks/AppKit.framework/Headers/AppKit.h";
				INFOPLIST_FILE = "Resources/Framework/TCCore-Info.plist";
				INSTALL_PATH = "$(HOME)/Library/Frameworks";
				OTHER_LDFLAGS = (
					"-framework",
					Foundation,
					"-framework",
					AppKit,
				);
				PREBINDING = NO;
				PRODUCT_NAME = TCCore;
				ZERO_LINK = NO;
			};
			name = Release;
		};
		1E6C75B70EE651F80099140B /* Debug */ = {
			isa = XCBuildConfiguration;
			buildSettings = {
				ALWAYS_SEARCH_USER_PATHS = NO;
				COPY_PHASE_STRIP = NO;
				DYLIB_COMPATIBILITY_VERSION = 1;
				DYLIB_CURRENT_VERSION = 1;
				FRAMEWORK_VERSION = A;
				GCC_DYNAMIC_NO_PIC = NO;
				GCC_ENABLE_FIX_AND_CONTINUE = YES;
				GCC_MODEL_TUNING = G5;
				GCC_OPTIMIZATION_LEVEL = 0;
				GCC_PRECOMPILE_PREFIX_HEADER = YES;
				GCC_PREFIX_HEADER = "$(SYSTEM_LIBRARY_DIR)/Frameworks/AppKit.framework/Headers/AppKit.h";
				INFOPLIST_FILE = "/Users/syco/Projects/Technicolor/technicolor/Resources/Framework/TCCoreUI-Info.plist";
				INSTALL_PATH = "@executable_path/../Frameworks";
				OTHER_LDFLAGS = (
					"-framework",
					Foundation,
					"-framework",
					AppKit,
				);
				PREBINDING = NO;
				PRODUCT_NAME = TCCoreUI;
			};
			name = Debug;
		};
		1E6C75B80EE651F80099140B /* Release */ = {
			isa = XCBuildConfiguration;
			buildSettings = {
				ALWAYS_SEARCH_USER_PATHS = NO;
				COPY_PHASE_STRIP = YES;
				DEBUG_INFORMATION_FORMAT = "dwarf-with-dsym";
				DYLIB_COMPATIBILITY_VERSION = 1;
				DYLIB_CURRENT_VERSION = 1;
				FRAMEWORK_VERSION = A;
				GCC_ENABLE_FIX_AND_CONTINUE = NO;
				GCC_MODEL_TUNING = G5;
				GCC_PRECOMPILE_PREFIX_HEADER = YES;
				GCC_PREFIX_HEADER = "$(SYSTEM_LIBRARY_DIR)/Frameworks/AppKit.framework/Headers/AppKit.h";
				INFOPLIST_FILE = "/Users/syco/Projects/Technicolor/technicolor/Resources/Framework/TCCore-Info copy.plist";
				INSTALL_PATH = "$(HOME)/Library/Frameworks";
				OTHER_LDFLAGS = (
					"-framework",
					Foundation,
					"-framework",
					AppKit,
				);
				PREBINDING = NO;
				PRODUCT_NAME = TCCore;
				ZERO_LINK = NO;
			};
			name = Release;
		};
		1EB8C9650EA1AB4100984CD7 /* Debug */ = {
			isa = XCBuildConfiguration;
			buildSettings = {
				ALWAYS_SEARCH_USER_PATHS = NO;
				COPY_PHASE_STRIP = NO;
				GCC_DYNAMIC_NO_PIC = NO;
				GCC_ENABLE_FIX_AND_CONTINUE = YES;
				GCC_MODEL_TUNING = G5;
				GCC_OPTIMIZATION_LEVEL = 0;
				GCC_PRECOMPILE_PREFIX_HEADER = YES;
				GCC_PREFIX_HEADER = "$(SYSTEM_LIBRARY_DIR)/Frameworks/AppKit.framework/Headers/AppKit.h";
				INFOPLIST_FILE = "Resources/Plugins/TCCalendarPlugin-Info.plist";
				INSTALL_PATH = "$(HOME)/Library/Bundles";
				OTHER_LDFLAGS = (
					"-framework",
					Foundation,
					"-framework",
					AppKit,
				);
				PREBINDING = NO;
				PRODUCT_NAME = TCCalendarPlugin;
				WRAPPER_EXTENSION = tcplugin;
			};
			name = Debug;
		};
		1EB8C9660EA1AB4100984CD7 /* Release */ = {
			isa = XCBuildConfiguration;
			buildSettings = {
				ALWAYS_SEARCH_USER_PATHS = NO;
				COPY_PHASE_STRIP = YES;
				DEBUG_INFORMATION_FORMAT = "dwarf-with-dsym";
				GCC_ENABLE_FIX_AND_CONTINUE = NO;
				GCC_MODEL_TUNING = G5;
				GCC_PRECOMPILE_PREFIX_HEADER = YES;
				GCC_PREFIX_HEADER = "$(SYSTEM_LIBRARY_DIR)/Frameworks/AppKit.framework/Headers/AppKit.h";
				INFOPLIST_FILE = "TCCalendarPlugin-Info.plist";
				INSTALL_PATH = "$(HOME)/Library/Bundles";
				OTHER_LDFLAGS = (
					"-framework",
					Foundation,
					"-framework",
					AppKit,
				);
				PREBINDING = NO;
				PRODUCT_NAME = TCCalendarPlugin;
				WRAPPER_EXTENSION = bundle;
				ZERO_LINK = NO;
			};
			name = Release;
		};
		1EB8CAE10EA1ACC400984CD7 /* Debug */ = {
			isa = XCBuildConfiguration;
			buildSettings = {
				ALWAYS_SEARCH_USER_PATHS = NO;
				COPY_PHASE_STRIP = NO;
				FRAMEWORK_SEARCH_PATHS = (
					"$(inherited)",
					"\"$(SDKROOT)$(SYSTEM_LIBRARY_DIR)/PrivateFrameworks\"",
				);
				GCC_DYNAMIC_NO_PIC = NO;
				GCC_ENABLE_FIX_AND_CONTINUE = YES;
				GCC_MODEL_TUNING = G5;
				GCC_OPTIMIZATION_LEVEL = 0;
				GCC_PRECOMPILE_PREFIX_HEADER = YES;
				GCC_PREFIX_HEADER = "$(SYSTEM_LIBRARY_DIR)/Frameworks/AppKit.framework/Headers/AppKit.h";
				INFOPLIST_FILE = "Resources/Plugins/TCTVRagePlugin-Info.plist";
				INSTALL_PATH = "$(HOME)/Library/Bundles";
				OTHER_LDFLAGS = (
					"-framework",
					Foundation,
					"-framework",
					AppKit,
				);
				PREBINDING = NO;
				PRODUCT_NAME = TCTVRagePlugin;
				WRAPPER_EXTENSION = tcplugin;
			};
			name = Debug;
		};
		1EB8CAE20EA1ACC400984CD7 /* Release */ = {
			isa = XCBuildConfiguration;
			buildSettings = {
				ALWAYS_SEARCH_USER_PATHS = NO;
				COPY_PHASE_STRIP = YES;
				DEBUG_INFORMATION_FORMAT = "dwarf-with-dsym";
				FRAMEWORK_SEARCH_PATHS = (
					"$(inherited)",
					"\"$(SDKROOT)$(SYSTEM_LIBRARY_DIR)/PrivateFrameworks\"",
				);
				GCC_ENABLE_FIX_AND_CONTINUE = NO;
				GCC_MODEL_TUNING = G5;
				GCC_PRECOMPILE_PREFIX_HEADER = YES;
				GCC_PREFIX_HEADER = "$(SYSTEM_LIBRARY_DIR)/Frameworks/AppKit.framework/Headers/AppKit.h";
				INFOPLIST_FILE = "TCTVRagePlugin-Info.plist";
				INSTALL_PATH = "$(HOME)/Library/Bundles";
				OTHER_LDFLAGS = (
					"-framework",
					Foundation,
					"-framework",
					AppKit,
				);
				PREBINDING = NO;
				PRODUCT_NAME = TCTVRagePlugin;
				WRAPPER_EXTENSION = bundle;
				ZERO_LINK = NO;
			};
			name = Release;
		};
		26FC0A850875C7B200E6366F /* Debug */ = {
			isa = XCBuildConfiguration;
			buildSettings = {
				COPY_PHASE_STRIP = NO;
				FRAMEWORK_SEARCH_PATHS = (
					"$(inherited)",
					"\"$(SRCROOT)/build/Debug\"",
				);
				GCC_DYNAMIC_NO_PIC = NO;
				GCC_ENABLE_FIX_AND_CONTINUE = YES;
				GCC_ENABLE_OBJC_EXCEPTIONS = YES;
				GCC_MODEL_TUNING = G5;
				GCC_OPTIMIZATION_LEVEL = 0;
				GCC_PRECOMPILE_PREFIX_HEADER = YES;
				GCC_PREFIX_HEADER = Technicolor_Prefix.pch;
				HEADER_SEARCH_PATHS = (
					"/usr/local/include/**",
					"~/Projects/External/ffmpeg/ffmpeg/trunk//**",
				);
				INFOPLIST_FILE = Resources/App/Info.plist;
				INSTALL_PATH = "$(HOME)/Applications";
				LIBRARY_SEARCH_PATHS = (
					"$(inherited)",
					"\"$(SRCROOT)/../Externals/ffmpeg/ffmpeg/trunk/libavcodec\"",
					"\"$(SRCROOT)/../Externals/ffmpeg/ffmpeg/trunk/libavformat\"",
					"\"$(SRCROOT)/../Externals/ffmpeg/ffmpeg/trunk/libavutil\"",
					"\"$(SRCROOT)/../Externals/ffmpeg/ffmpeg/trunk/libavdevice\"",
				);
				PRODUCT_NAME = Technicolor;
				WRAPPER_EXTENSION = app;
			};
			name = Debug;
		};
		26FC0A860875C7B200E6366F /* Release */ = {
			isa = XCBuildConfiguration;
			buildSettings = {
				DEBUG_INFORMATION_FORMAT = "dwarf-with-dsym";
				FRAMEWORK_SEARCH_PATHS = (
					"$(inherited)",
					"\"$(SRCROOT)/build/Debug\"",
				);
				GCC_ENABLE_OBJC_EXCEPTIONS = YES;
				GCC_MODEL_TUNING = G5;
				GCC_PRECOMPILE_PREFIX_HEADER = YES;
				GCC_PREFIX_HEADER = Technicolor_Prefix.pch;
				HEADER_SEARCH_PATHS = (
					"/usr/local/include/**",
					"~/Projects/External/ffmpeg/ffmpeg/trunk//**",
				);
				INFOPLIST_FILE = Info.plist;
				INSTALL_PATH = "$(HOME)/Applications";
				LIBRARY_SEARCH_PATHS = (
					"$(inherited)",
					"\"$(SRCROOT)/../Externals/ffmpeg/ffmpeg/trunk/libavcodec\"",
					"\"$(SRCROOT)/../Externals/ffmpeg/ffmpeg/trunk/libavformat\"",
					"\"$(SRCROOT)/../Externals/ffmpeg/ffmpeg/trunk/libavutil\"",
					"\"$(SRCROOT)/../Externals/ffmpeg/ffmpeg/trunk/libavdevice\"",
				);
				PRODUCT_NAME = Technicolor;
				WRAPPER_EXTENSION = app;
			};
			name = Release;
		};
		26FC0A890875C7B200E6366F /* Debug */ = {
			isa = XCBuildConfiguration;
			buildSettings = {
				ARCHS = "$(ONLY_ACTIVE_ARCH_PRE_XCODE_3_1)";
				GCC_C_LANGUAGE_STANDARD = c99;
				GCC_WARN_ABOUT_RETURN_TYPE = YES;
				GCC_WARN_UNUSED_VARIABLE = YES;
				ONLY_ACTIVE_ARCH_PRE_XCODE_3_1 = "$(NATIVE_ARCH)";
				PREBINDING = NO;
				SDKROOT = "$(DEVELOPER_SDK_DIR)/MacOSX10.5.sdk";
			};
			name = Debug;
		};
		26FC0A8A0875C7B200E6366F /* Release */ = {
			isa = XCBuildConfiguration;
			buildSettings = {
				ARCHS = "$(ARCHS_STANDARD_32_BIT_PRE_XCODE_3_1)";
				ARCHS_STANDARD_32_BIT_PRE_XCODE_3_1 = "ppc i386";
				GCC_C_LANGUAGE_STANDARD = c99;
				GCC_WARN_ABOUT_RETURN_TYPE = YES;
				GCC_WARN_UNUSED_VARIABLE = YES;
				PREBINDING = NO;
				SDKROOT = "$(DEVELOPER_SDK_DIR)/MacOSX10.5.sdk";
			};
			name = Release;
		};
/* End XCBuildConfiguration section */

/* Begin XCConfigurationList section */
		1E5E38650EA2FBA100FD67A3 /* Build configuration list for PBXNativeTarget "TCProcessingQueuePlugin" */ = {
			isa = XCConfigurationList;
			buildConfigurations = (
				1E5E38630EA2FBA100FD67A3 /* Debug */,
				1E5E38640EA2FBA100FD67A3 /* Release */,
			);
			defaultConfigurationIsVisible = 0;
			defaultConfigurationName = Release;
		};
		1E5EF9A10EAC33BD006F064E /* Build configuration list for PBXNativeTarget "TCJSPlugin" */ = {
			isa = XCConfigurationList;
			buildConfigurations = (
				1E5EF99F0EAC33BD006F064E /* Debug */,
				1E5EF9A00EAC33BD006F064E /* Release */,
			);
			defaultConfigurationIsVisible = 0;
			defaultConfigurationName = Release;
		};
		1E6368A20EA253590003034E /* Build configuration list for PBXNativeTarget "TCCore" */ = {
			isa = XCConfigurationList;
			buildConfigurations = (
				1E6368A00EA253590003034E /* Debug */,
				1E6368A10EA253590003034E /* Release */,
			);
			defaultConfigurationIsVisible = 0;
			defaultConfigurationName = Release;
		};
		1E6C75B60EE651F80099140B /* Build configuration list for PBXNativeTarget "TCCoreUI" */ = {
			isa = XCConfigurationList;
			buildConfigurations = (
				1E6C75B70EE651F80099140B /* Debug */,
				1E6C75B80EE651F80099140B /* Release */,
			);
			defaultConfigurationIsVisible = 0;
			defaultConfigurationName = Release;
		};
		1EB8C9670EA1AB4100984CD7 /* Build configuration list for PBXNativeTarget "TCCalendarPlugin" */ = {
			isa = XCConfigurationList;
			buildConfigurations = (
				1EB8C9650EA1AB4100984CD7 /* Debug */,
				1EB8C9660EA1AB4100984CD7 /* Release */,
			);
			defaultConfigurationIsVisible = 0;
			defaultConfigurationName = Release;
		};
		1EB8CAE30EA1ACC400984CD7 /* Build configuration list for PBXNativeTarget "TCTVRagePlugin" */ = {
			isa = XCConfigurationList;
			buildConfigurations = (
				1EB8CAE10EA1ACC400984CD7 /* Debug */,
				1EB8CAE20EA1ACC400984CD7 /* Release */,
			);
			defaultConfigurationIsVisible = 0;
			defaultConfigurationName = Release;
		};
		26FC0A840875C7B200E6366F /* Build configuration list for PBXNativeTarget "Technicolor" */ = {
			isa = XCConfigurationList;
			buildConfigurations = (
				26FC0A850875C7B200E6366F /* Debug */,
				26FC0A860875C7B200E6366F /* Release */,
			);
			defaultConfigurationIsVisible = 0;
			defaultConfigurationName = Release;
		};
		26FC0A880875C7B200E6366F /* Build configuration list for PBXProject "Technicolor" */ = {
			isa = XCConfigurationList;
			buildConfigurations = (
				26FC0A890875C7B200E6366F /* Debug */,
				26FC0A8A0875C7B200E6366F /* Release */,
			);
			defaultConfigurationIsVisible = 0;
			defaultConfigurationName = Release;
		};
/* End XCConfigurationList section */
	};
	rootObject = 29B97313FDCFA39411CA2CEA /* Project object */;
}
